// !$*UTF8*$!
{
	archiveVersion = 1;
	classes = {
	};
	objectVersion = 77;
	objects = {

/* Begin PBXBuildFile section */
		01D567AA68237053C6AC3535 /* Prompt.swift in Sources */ = {isa = PBXBuildFile; fileRef = 6A87F893FEEDD086C788AEED /* Prompt.swift */; };
		0517271B1D128E80B8942A3F /* OnThisDay.swift in Sources */ = {isa = PBXBuildFile; fileRef = D35FC6DC207A6791C7446EE4 /* OnThisDay.swift */; };
		08DEA1E14E3440DC001945AA /* RWModels.swift in Sources */ = {isa = PBXBuildFile; fileRef = F327C3B26DB2481E8B9B1E8D /* RWModels.swift */; };
		0D0DE355B9F5C242382E500E /* SmokeTests.swift in Sources */ = {isa = PBXBuildFile; fileRef = E955C6672E8D66A488569630 /* SmokeTests.swift */; };
		0D963D7D2C4667E6B6D95444 /* Assets.xcassets in Resources */ = {isa = PBXBuildFile; fileRef = AB26D146B901CF925B729558 /* Assets.xcassets */; };
		1109D39F0468942D5FEE7DA6 /* PaperCard.swift in Sources */ = {isa = PBXBuildFile; fileRef = 280EC49A5562C111FA2CD94C /* PaperCard.swift */; };
		121EC7706CC6B8DD6B0B1CDE /* PromptLibrary.swift in Sources */ = {isa = PBXBuildFile; fileRef = EE08F5EFD57674CB778E0A8B /* PromptLibrary.swift */; };
		12F6E70FBF359B44046B6B35 /* EntryEditorView.swift in Sources */ = {isa = PBXBuildFile; fileRef = B628B8479289E7CC246E5C5B /* EntryEditorView.swift */; };
		1A6A86D78DFB6879B49C1D36 /* MarkdownExporter.swift in Sources */ = {isa = PBXBuildFile; fileRef = 12337FE2289C85966902B783 /* MarkdownExporter.swift */; };
		1D80D21C9164034A2947F4DF /* DocumentEditorView.swift in Sources */ = {isa = PBXBuildFile; fileRef = D44942E279BD335540316414 /* DocumentEditorView.swift */; };
		22EEE3A3FF26D753AA0ECE53 /* CompileView.swift in Sources */ = {isa = PBXBuildFile; fileRef = A829AD2F0398005602C71A4B /* CompileView.swift */; };
		251E2E48E04F375B695C0D48 /* DropCap.swift in Sources */ = {isa = PBXBuildFile; fileRef = 032FBB6A0B3EFEEDE519FABC /* DropCap.swift */; };
		25F1719DB79389C04B45E15C /* Typography.swift in Sources */ = {isa = PBXBuildFile; fileRef = 49BCF6E4EFF1274EEAC43A8B /* Typography.swift */; };
		260305D549C18A272AD1D6E1 /* MarkdownTheme.swift in Sources */ = {isa = PBXBuildFile; fileRef = EC5A0D4651E2BDC4D80A6AC9 /* MarkdownTheme.swift */; };
		261155C42396E151F95525D8 /* MarkdownRender.swift in Sources */ = {isa = PBXBuildFile; fileRef = 372C0EB975F143697FA69E96 /* MarkdownRender.swift */; };
		2A1C73B6F0D7923CED6F8DC4 /* WashLabView.swift in Sources */ = {isa = PBXBuildFile; fileRef = 61EF746BB6AAD23AA2AEFD56 /* WashLabView.swift */; };
		2E423D4EA3FD10D32F3F3260 /* MarkdownRender.swift in Sources */ = {isa = PBXBuildFile; fileRef = 372C0EB975F143697FA69E96 /* MarkdownRender.swift */; };
		30B54EE715B224CE938A6A97 /* JournalingTests.swift in Sources */ = {isa = PBXBuildFile; fileRef = 9EA4F12FB548A792178852EC /* JournalingTests.swift */; };
		3291FF5A77AE8F8B2D893CCE /* PromptCard.swift in Sources */ = {isa = PBXBuildFile; fileRef = 3EB2BB1BE40E5C8BA4A77780 /* PromptCard.swift */; };
		37DBA60E213431CDD95E2D8F /* Enums.swift in Sources */ = {isa = PBXBuildFile; fileRef = B7ABB577E515BBF1EC0238B8 /* Enums.swift */; };
		392EB22690A3C371227C9160 /* FlameFern.swift in Sources */ = {isa = PBXBuildFile; fileRef = 163D4CB7983CFCF54E288E2D /* FlameFern.swift */; };
		39F5FEA6808CFCC33C58C418 /* ThemeOptions.swift in Sources */ = {isa = PBXBuildFile; fileRef = FED160A738BC3DE663C28045 /* ThemeOptions.swift */; };
		3BF3CEC83CD518F3D97EB5C6 /* RedwoodRootView.swift in Sources */ = {isa = PBXBuildFile; fileRef = 727D83BA5B17248F99E64C89 /* RedwoodRootView.swift */; };
		3CFB752C4AA04EB824D47F1D /* Prompts+Nier.swift in Sources */ = {isa = PBXBuildFile; fileRef = A6827187FF4941AE39243B9E /* Prompts+Nier.swift */; };
		3D0FB454E38EAC3E80B50E90 /* FiddleheadShape.swift in Sources */ = {isa = PBXBuildFile; fileRef = 970190D4D04CBD9FA602D885 /* FiddleheadShape.swift */; };
		3E5FA23149B9339C1E0DCA1D /* EditorCommands.swift in Sources */ = {isa = PBXBuildFile; fileRef = A8555CA55955DA21AAD193E5 /* EditorCommands.swift */; };
		400A3569506D5FCD81502BBF /* BarnsleyFernView.swift in Sources */ = {isa = PBXBuildFile; fileRef = D5E1846726DBE1B8EB6ADCED /* BarnsleyFernView.swift */; };
		41451E9E40707E96F2655B4C /* Fraunces-OFL.txt in Resources */ = {isa = PBXBuildFile; fileRef = 41676068049DC79076637EB1 /* Fraunces-OFL.txt */; };
		418021820E5FEC3DDBC92F84 /* SampleData.swift in Sources */ = {isa = PBXBuildFile; fileRef = A38E46173966308F74B1857F /* SampleData.swift */; };
		4241502C06180F2738B93F1F /* ThemeStore.swift in Sources */ = {isa = PBXBuildFile; fileRef = B28F822C8468BE267C3F3293 /* ThemeStore.swift */; };
		4438065D4292698772195EA0 /* Prompts+Genshin.swift in Sources */ = {isa = PBXBuildFile; fileRef = A2DB7D4229AB470CADFC0E24 /* Prompts+Genshin.swift */; };
		452D8CE9EE66ECD1B34EC64A /* ReadingView.swift in Sources */ = {isa = PBXBuildFile; fileRef = 68B6BA6BD6603F605BF65B63 /* ReadingView.swift */; };
		4622A209A674C3218FD029E6 /* MarkdownEditorController.swift in Sources */ = {isa = PBXBuildFile; fileRef = EB1ED64338FFF646CDCEB947 /* MarkdownEditorController.swift */; };
		46D0ADB747D5436625E20C0C /* AccessoryBar.swift in Sources */ = {isa = PBXBuildFile; fileRef = 3BE4457DFF57CF5D04E853B5 /* AccessoryBar.swift */; };
		4B409622B1DBAB1DB8FA90C9 /* FernApp.swift in Sources */ = {isa = PBXBuildFile; fileRef = C576F242B37F60F2186C68E4 /* FernApp.swift */; };
		4D5D612A168FEC9B73FEC07C /* InkTools.swift in Sources */ = {isa = PBXBuildFile; fileRef = 214F3FCD16A11CA83BBE0F49 /* InkTools.swift */; };
		4E225790FE3923A92F8BB584 /* HandwritingOCR.swift in Sources */ = {isa = PBXBuildFile; fileRef = A460D16620DAD4DAD40A4768 /* HandwritingOCR.swift */; };
		4E28455A850EEDE950C9EA81 /* SharedNote.swift in Sources */ = {isa = PBXBuildFile; fileRef = F19142412D553EEF8C50BE21 /* SharedNote.swift */; };
		4EB41FF6573659686F1EC401 /* DrawingStore.swift in Sources */ = {isa = PBXBuildFile; fileRef = 22A673B3EBE896C5204141A1 /* DrawingStore.swift */; };
		4FA11427D629B1D7A35C209C /* AccessoryBar.swift in Sources */ = {isa = PBXBuildFile; fileRef = 3BE4457DFF57CF5D04E853B5 /* AccessoryBar.swift */; };
		51010732818FD074595FF242 /* Typography.swift in Sources */ = {isa = PBXBuildFile; fileRef = 49BCF6E4EFF1274EEAC43A8B /* Typography.swift */; };
		533F6945C4B9BFA4D02EEE09 /* BiometricLock.swift in Sources */ = {isa = PBXBuildFile; fileRef = EA4BBB39E7CE32F7D86E79DC /* BiometricLock.swift */; };
		5D010F36E595A3B7F8AF4E74 /* Redaction-Regular.ttf in Resources */ = {isa = PBXBuildFile; fileRef = 6E4D9D08B30863DB5FA2E563 /* Redaction-Regular.ttf */; };
		5ED717E3643B2A5B5CA54E3F /* FiddleheadShape.swift in Sources */ = {isa = PBXBuildFile; fileRef = 970190D4D04CBD9FA602D885 /* FiddleheadShape.swift */; };
		5FF5CDEE5C4F0D31194A4C7C /* Templates.swift in Sources */ = {isa = PBXBuildFile; fileRef = 9F1E54D7BCC116EF041B9F49 /* Templates.swift */; };
		62166C608582EFCE76A75612 /* Components.swift in Sources */ = {isa = PBXBuildFile; fileRef = AD6943B8927D7DB6D40C3730 /* Components.swift */; };
		648295A308E820D07E568084 /* EditorialType.swift in Sources */ = {isa = PBXBuildFile; fileRef = E181D97F5417E6B533BC15C6 /* EditorialType.swift */; };
		65A3BFB4A131C784AA20BB46 /* Prompt.swift in Sources */ = {isa = PBXBuildFile; fileRef = 6A87F893FEEDD086C788AEED /* Prompt.swift */; };
		669E6EE6DF023A2CC97C609E /* BarnsleyFernTests.swift in Sources */ = {isa = PBXBuildFile; fileRef = 22055322740852F3A76C7F93 /* BarnsleyFernTests.swift */; };
		6779D6DD2E41184CA674A8A1 /* Prompts+Genshin.swift in Sources */ = {isa = PBXBuildFile; fileRef = A2DB7D4229AB470CADFC0E24 /* Prompts+Genshin.swift */; };
		683783406844100472B2F940 /* PromptLibrary.swift in Sources */ = {isa = PBXBuildFile; fileRef = EE08F5EFD57674CB778E0A8B /* PromptLibrary.swift */; };
		6AD5556CEDD35ACC4A2E86C1 /* DropCap.swift in Sources */ = {isa = PBXBuildFile; fileRef = 032FBB6A0B3EFEEDE519FABC /* DropCap.swift */; };
		6B2D584E9754339E0D158320 /* Haptics.swift in Sources */ = {isa = PBXBuildFile; fileRef = 14A13CB74024BF409BFCE151 /* Haptics.swift */; };
		6BA4DEAECEFBCFF57B6066B3 /* FernWidget.swift in Sources */ = {isa = PBXBuildFile; fileRef = BC549B1D7037E5DF677DC591 /* FernWidget.swift */; };
		7024D74C23FD639329068964 /* BarnsleyFernView.swift in Sources */ = {isa = PBXBuildFile; fileRef = D5E1846726DBE1B8EB6ADCED /* BarnsleyFernView.swift */; };
		70EBAECB0734E21D12105353 /* SearchView.swift in Sources */ = {isa = PBXBuildFile; fileRef = E45CA19533DB05C24AC2162D /* SearchView.swift */; };
		71FE0DFC47C1F0E54D1926AC /* ZipWriter.swift in Sources */ = {isa = PBXBuildFile; fileRef = 8C16252685A829E96A585FE8 /* ZipWriter.swift */; };
		7247B5144A9C2346788FEE39 /* LibraryExporter.swift in Sources */ = {isa = PBXBuildFile; fileRef = 38E27EF4D706838525532A07 /* LibraryExporter.swift */; };
		73E92527F6D012AF55009E80 /* Haptics.swift in Sources */ = {isa = PBXBuildFile; fileRef = 14A13CB74024BF409BFCE151 /* Haptics.swift */; };
		746E38C71A4F2CEF9BEBB03D /* Palette.swift in Sources */ = {isa = PBXBuildFile; fileRef = E4414F13CC04DFCD17197E71 /* Palette.swift */; };
		776C20BBFFEC7E2ABEA210E2 /* Redaction-Regular.ttf in Resources */ = {isa = PBXBuildFile; fileRef = 6E4D9D08B30863DB5FA2E563 /* Redaction-Regular.ttf */; };
		77B294B9149D84DBAF60E3AA /* PaperBackground.swift in Sources */ = {isa = PBXBuildFile; fileRef = 05F27301B01F7D4292CF16FE /* PaperBackground.swift */; };
		780B69FDC82CB2EE8E998FF3 /* PDFExporter.swift in Sources */ = {isa = PBXBuildFile; fileRef = BB27CCF5E64406E93604C436 /* PDFExporter.swift */; };
		78EF513543605A8FB978D60C /* WritingStats.swift in Sources */ = {isa = PBXBuildFile; fileRef = 366CCE747C235C4026B4A7CA /* WritingStats.swift */; };
		7A68060523CD303E82379DC9 /* Prompts+Nier.swift in Sources */ = {isa = PBXBuildFile; fileRef = A6827187FF4941AE39243B9E /* Prompts+Nier.swift */; };
		7B2A61EE3B29A7332788E868 /* OnboardingView.swift in Sources */ = {isa = PBXBuildFile; fileRef = 5176A8356310FFA7D76E741E /* OnboardingView.swift */; };
		7BCAFCB50A4D4363CC753425 /* LibraryView.swift in Sources */ = {isa = PBXBuildFile; fileRef = 55662AF595DC7900135BE0CA /* LibraryView.swift */; };
		7CC1EE91B315718CFB5A45B2 /* HandwritingOCR.swift in Sources */ = {isa = PBXBuildFile; fileRef = A460D16620DAD4DAD40A4768 /* HandwritingOCR.swift */; };
		80AC7B1ED6DFFBCDA716827D /* EntryRow.swift in Sources */ = {isa = PBXBuildFile; fileRef = 33B710B62EE4D952BA7B3585 /* EntryRow.swift */; };
		811F7E70C6BAF04259641E1C /* MarkdownEditorController.swift in Sources */ = {isa = PBXBuildFile; fileRef = EB1ED64338FFF646CDCEB947 /* MarkdownEditorController.swift */; };
		8543212350CDE518B140C241 /* ReadAloud.swift in Sources */ = {isa = PBXBuildFile; fileRef = 9786137BD2FB7930DFE52557 /* ReadAloud.swift */; };
		86A99155B10E4FB6996D911E /* Components.swift in Sources */ = {isa = PBXBuildFile; fileRef = AD6943B8927D7DB6D40C3730 /* Components.swift */; };
		873B34669B1C80A171A3A83F /* Prompts+Extras.swift in Sources */ = {isa = PBXBuildFile; fileRef = D3A20EA5F23C21B6ACF018CE /* Prompts+Extras.swift */; };
		89A3803D9FCF064462EB77D4 /* EditorialType.swift in Sources */ = {isa = PBXBuildFile; fileRef = E181D97F5417E6B533BC15C6 /* EditorialType.swift */; };
		8BC189ECBBE3E285243537A2 /* RWTemplates.swift in Sources */ = {isa = PBXBuildFile; fileRef = 1BAEDC15B141E62B229D5685 /* RWTemplates.swift */; };
		8C55FFD856258A9B5FAD3C30 /* SettingsView.swift in Sources */ = {isa = PBXBuildFile; fileRef = A1A9DEAFC77D976210B3D73F /* SettingsView.swift */; };
		8CDA8820A7D0BE71D363227E /* MarkdownStyler.swift in Sources */ = {isa = PBXBuildFile; fileRef = E7826A6B5EB47145BAAF378E /* MarkdownStyler.swift */; };
		91A8A5EED212BF5FD985826A /* Palette.swift in Sources */ = {isa = PBXBuildFile; fileRef = E4414F13CC04DFCD17197E71 /* Palette.swift */; };
		91B3BE71F2F3C574BA6BDE26 /* SharedNotebookView.swift in Sources */ = {isa = PBXBuildFile; fileRef = 132EE1FF896A92DFB10E075E /* SharedNotebookView.swift */; };
		91D3B0870053AE6264E7441B /* PromptStore.swift in Sources */ = {isa = PBXBuildFile; fileRef = 3FDEB25A3B8570A4FFF61024 /* PromptStore.swift */; };
		92D0C4DFE196536BC0FF6509 /* RedwoodSettings.swift in Sources */ = {isa = PBXBuildFile; fileRef = 2C43EDE9E41EC16B56C3CA6E /* RedwoodSettings.swift */; };
		92ED5F2A942664849205A3E5 /* ThemeStore.swift in Sources */ = {isa = PBXBuildFile; fileRef = B28F822C8468BE267C3F3293 /* ThemeStore.swift */; };
		9754DE281C6AC39A1A30A206 /* DateGrouping.swift in Sources */ = {isa = PBXBuildFile; fileRef = 28695B781553568A042DBF4C /* DateGrouping.swift */; };
		9865957DD7F35828DE4FD1C3 /* SnapshotsView.swift in Sources */ = {isa = PBXBuildFile; fileRef = D34493D1DC6741FEE0795EF1 /* SnapshotsView.swift */; };
		98B6A141FF7B1252AA3901E6 /* RedwoodApp.swift in Sources */ = {isa = PBXBuildFile; fileRef = 5E7F1C4D49815A076F3A8A3C /* RedwoodApp.swift */; };
		9A64942EF4BF90D9AA61656A /* ActivityView.swift in Sources */ = {isa = PBXBuildFile; fileRef = 6E26486E72AA73E121EBA526 /* ActivityView.swift */; };
		9B31CC201C20F047C9C7BEA4 /* RootView.swift in Sources */ = {isa = PBXBuildFile; fileRef = 1EEABECED98FEE4A7B0EF304 /* RootView.swift */; };
		9B5B8E807FC24E81E98A7BCD /* Prompts+Nature.swift in Sources */ = {isa = PBXBuildFile; fileRef = C9AD8AFAC01175AC14737031 /* Prompts+Nature.swift */; };
		9E2545EC6950D4D99AD0BF94 /* Thesaurus.swift in Sources */ = {isa = PBXBuildFile; fileRef = DAF0A860ABA882ECEE54F2A7 /* Thesaurus.swift */; };
		9ECDE84E71366D036DB3355A /* PaperBackground.swift in Sources */ = {isa = PBXBuildFile; fileRef = 05F27301B01F7D4292CF16FE /* PaperBackground.swift */; };
		A1608D2E62B4B1917A46A610 /* Prompts+Extras.swift in Sources */ = {isa = PBXBuildFile; fileRef = D3A20EA5F23C21B6ACF018CE /* Prompts+Extras.swift */; };
		A3371C8D281AECF7E2AD4D6E /* AssetSync.swift in Sources */ = {isa = PBXBuildFile; fileRef = 9C7BF305C70EF6B5198FA801 /* AssetSync.swift */; };
		A5337A96A39EF50CFE51E4C5 /* SharedNotebookStore.swift in Sources */ = {isa = PBXBuildFile; fileRef = 186A14AE8DEDDA5B874B66BD /* SharedNotebookStore.swift */; };
		AAC0A0E5917AA096F46B77A2 /* Markdown in Frameworks */ = {isa = PBXBuildFile; productRef = 229223438BC567429C3E5B74 /* Markdown */; };
		B4260379C7DF075F533DC4AB /* DrawingStore.swift in Sources */ = {isa = PBXBuildFile; fileRef = 22A673B3EBE896C5204141A1 /* DrawingStore.swift */; };
		B644B497FD07EFA1C899E95D /* ModelTests.swift in Sources */ = {isa = PBXBuildFile; fileRef = 287563240408442B1C299030 /* ModelTests.swift */; };
		B6B5A2D891B2BB3BC9175163 /* Gambetta-Medium.otf in Resources */ = {isa = PBXBuildFile; fileRef = 19AA713ACBE71683079C911D /* Gambetta-Medium.otf */; };
		B860398E1BA261EE37594B57 /* SuggestionsButton.swift in Sources */ = {isa = PBXBuildFile; fileRef = F742AB1A0EB1B95CC7A91A9D /* SuggestionsButton.swift */; };
		B9FF454EBBAAF571182447BE /* InkReplay.swift in Sources */ = {isa = PBXBuildFile; fileRef = C08E47716D1CE2229416D3EE /* InkReplay.swift */; };
		BAAD7E05C3F0C47032BF6E88 /* InlinePhoto.swift in Sources */ = {isa = PBXBuildFile; fileRef = CD7A3372E778227A40182354 /* InlinePhoto.swift */; };
		BB265BDD87AD52A1EA2381BB /* CalendarBrowse.swift in Sources */ = {isa = PBXBuildFile; fileRef = 5D169EBE697B65EFB3254C49 /* CalendarBrowse.swift */; };
		BB8ECF80E64C3F7845CD07C5 /* Redaction-Bold.ttf in Resources */ = {isa = PBXBuildFile; fileRef = 9BC51BE11191B28C0AA2C34F /* Redaction-Bold.ttf */; };
		BCD36B9B75C19D47A5B91681 /* NameSync.swift in Sources */ = {isa = PBXBuildFile; fileRef = 4C1195D5175BBFD5A209F39E /* NameSync.swift */; };
		BDB9D4177DA66409E04B8B4D /* ComposeButton.swift in Sources */ = {isa = PBXBuildFile; fileRef = A3E10DFCAB855A14CE7D486A /* ComposeButton.swift */; };
		BE12B4B0AD2AF461EE824738 /* Assets.xcassets in Resources */ = {isa = PBXBuildFile; fileRef = D7A67E4C33A31B4DDC79FE4E /* Assets.xcassets */; };
		BE358E151418F55454E77E3B /* EditorPhotos.swift in Sources */ = {isa = PBXBuildFile; fileRef = 5093FEFE01D3F907485BB252 /* EditorPhotos.swift */; };
		C0291DEC6228E55CC51444BF /* Fonts.swift in Sources */ = {isa = PBXBuildFile; fileRef = F433CA977FF4475744DAE193 /* Fonts.swift */; };
		C0AAFCEF6B66656D1D8303BE /* Fraunces.ttf in Resources */ = {isa = PBXBuildFile; fileRef = 2E860E46D808FFFA7FE8AA9A /* Fraunces.ttf */; };
		C0E4621C3F0203251652A3FE /* ThemeOptions.swift in Sources */ = {isa = PBXBuildFile; fileRef = FED160A738BC3DE663C28045 /* ThemeOptions.swift */; };
		C1ADB5C3D247E41EA84AD646 /* Asset.swift in Sources */ = {isa = PBXBuildFile; fileRef = 2821034BF1192AA87B02DA48 /* Asset.swift */; };
		C30CA974324D7A08754C1CD7 /* Gambetta-Semibold.otf in Resources */ = {isa = PBXBuildFile; fileRef = 4DE4B4BAA147D79AC4DD0B0E /* Gambetta-Semibold.otf */; };
		C31C1F4E584B0D6583E50EF2 /* EditorCommands.swift in Sources */ = {isa = PBXBuildFile; fileRef = A8555CA55955DA21AAD193E5 /* EditorCommands.swift */; };
		C4066C9745B5F006C924AE4C /* WeatherProvider.swift in Sources */ = {isa = PBXBuildFile; fileRef = 70573A969736F0D4419D6DA6 /* WeatherProvider.swift */; };
		C64989F464837161990274E7 /* Gambetta-Semibold.otf in Resources */ = {isa = PBXBuildFile; fileRef = 4DE4B4BAA147D79AC4DD0B0E /* Gambetta-Semibold.otf */; };
		C685794B33924C00E30B850E /* MarkdownTextView.swift in Sources */ = {isa = PBXBuildFile; fileRef = 3D4D39EC866C9EFD80CD9546 /* MarkdownTextView.swift */; };
		C9E4D48DF133FAC2EA0A76A9 /* Fonts.swift in Sources */ = {isa = PBXBuildFile; fileRef = F433CA977FF4475744DAE193 /* Fonts.swift */; };
		CA4B3D83E81920AEAC18A28C /* PhotoStore.swift in Sources */ = {isa = PBXBuildFile; fileRef = 8179EB32444953EE697C2342 /* PhotoStore.swift */; };
		CAF77756FD782FF6B9B4F45E /* MarkdownTheme.swift in Sources */ = {isa = PBXBuildFile; fileRef = EC5A0D4651E2BDC4D80A6AC9 /* MarkdownTheme.swift */; };
		CC0328D5AF564B8CA598788A /* MarkdownStylerTests.swift in Sources */ = {isa = PBXBuildFile; fileRef = 6E6101F538120C732D4B8695 /* MarkdownStylerTests.swift */; };
		CC3665D198ED795C87F1101A /* Fraunces.ttf in Resources */ = {isa = PBXBuildFile; fileRef = 2E860E46D808FFFA7FE8AA9A /* Fraunces.ttf */; };
		CC6EA4FDA2F796AE6E0711DC /* InkTools.swift in Sources */ = {isa = PBXBuildFile; fileRef = 214F3FCD16A11CA83BBE0F49 /* InkTools.swift */; };
		CE5B49A44B0A8E6713E7FBAC /* Gambetta-Medium.otf in Resources */ = {isa = PBXBuildFile; fileRef = 19AA713ACBE71683079C911D /* Gambetta-Medium.otf */; };
		CEE905C9E387AE4BFEC37187 /* MarkdownTextView.swift in Sources */ = {isa = PBXBuildFile; fileRef = 3D4D39EC866C9EFD80CD9546 /* MarkdownTextView.swift */; };
		CFA3B0A3A46563E0D74D4ECB /* LockGate.swift in Sources */ = {isa = PBXBuildFile; fileRef = 69C9FD6E8B7EA7C53554913F /* LockGate.swift */; };
		D18590669C021D5E6559CD08 /* Redaction-Bold.ttf in Resources */ = {isa = PBXBuildFile; fileRef = 9BC51BE11191B28C0AA2C34F /* Redaction-Bold.ttf */; };
		D1F83BB5944806CC63145AAB /* BarnsleyFern.swift in Sources */ = {isa = PBXBuildFile; fileRef = 577966E8E6C9CBBB42BDF362 /* BarnsleyFern.swift */; };
		D3988507F66A8D5E8CF88039 /* MarkdownStyler.swift in Sources */ = {isa = PBXBuildFile; fileRef = E7826A6B5EB47145BAAF378E /* MarkdownStyler.swift */; };
		D39A6F73D8B7FC76FD3F2204 /* BarnsleyFern.swift in Sources */ = {isa = PBXBuildFile; fileRef = 577966E8E6C9CBBB42BDF362 /* BarnsleyFern.swift */; };
		D5B3AC7B5AB7666C2BAEC1DE /* Persistence.swift in Sources */ = {isa = PBXBuildFile; fileRef = 08E10046E72A3938832A9FAD /* Persistence.swift */; };
		D7127540FF80EDBCE64889F4 /* FlameFern.swift in Sources */ = {isa = PBXBuildFile; fileRef = 163D4CB7983CFCF54E288E2D /* FlameFern.swift */; };
		D85467988DD2C1B7C6F01832 /* SpotlightIndexer.swift in Sources */ = {isa = PBXBuildFile; fileRef = 232C4DDB499CBDC6E0B73E75 /* SpotlightIndexer.swift */; };
		D8603E52489C6BE6CBE9D6B7 /* EditorPhotos.swift in Sources */ = {isa = PBXBuildFile; fileRef = 5093FEFE01D3F907485BB252 /* EditorPhotos.swift */; };
		DA56CD73E1A8222DE842310B /* RedwoodCompiler.swift in Sources */ = {isa = PBXBuildFile; fileRef = C0EAB514165A196C57AFEBE1 /* RedwoodCompiler.swift */; };
		DD8DF15F45F5C83BCDE68809 /* ProjectView.swift in Sources */ = {isa = PBXBuildFile; fileRef = 2929CFE651CFFB180DB1F615 /* ProjectView.swift */; };
		DE9C94EAA72A6FB55D858189 /* StreakFlourish.swift in Sources */ = {isa = PBXBuildFile; fileRef = 9929AF61055BE97B0D2D90B1 /* StreakFlourish.swift */; };
		E46E487B2EB249A714915481 /* Prompts+Reflective.swift in Sources */ = {isa = PBXBuildFile; fileRef = 498E7586F70ECCFA602F6B03 /* Prompts+Reflective.swift */; };
		E473E6FD8FFFD9B1D6D51332 /* FernTabBar.swift in Sources */ = {isa = PBXBuildFile; fileRef = D383A32ED71D29BD1C19B13C /* FernTabBar.swift */; };
		E5B87471D24573544FF784FD /* PromptNotifier.swift in Sources */ = {isa = PBXBuildFile; fileRef = ED830E78A8ED4F64E15ECC2C /* PromptNotifier.swift */; };
		E5C0CCDE6CAC9613894A2100 /* AppIntents.swift in Sources */ = {isa = PBXBuildFile; fileRef = 8EF8119C721CD1304B059C77 /* AppIntents.swift */; };
		EEC974BF4825752C14EF617E /* PhotoStore.swift in Sources */ = {isa = PBXBuildFile; fileRef = 8179EB32444953EE697C2342 /* PhotoStore.swift */; };
		EFB45A7993691F8811C3B8D5 /* TodayView.swift in Sources */ = {isa = PBXBuildFile; fileRef = 44DC35D8BD947984A93C106B /* TodayView.swift */; };
		F00296BCD3F84428E90C9F8D /* Prompts+Reflective.swift in Sources */ = {isa = PBXBuildFile; fileRef = 498E7586F70ECCFA602F6B03 /* Prompts+Reflective.swift */; };
		F1A24374EF71111E4081DA86 /* Fraunces-OFL.txt in Resources */ = {isa = PBXBuildFile; fileRef = 41676068049DC79076637EB1 /* Fraunces-OFL.txt */; };
		F349ECAB7A224AE4DBB6C3C5 /* Entry.swift in Sources */ = {isa = PBXBuildFile; fileRef = 9A7151C81AE2B364DEA4C780 /* Entry.swift */; };
		F47842091633FBF109B3AA8F /* FernWidget.appex in Embed Foundation Extensions */ = {isa = PBXBuildFile; fileRef = 1E61F4A394060DA98CFFDC6B /* FernWidget.appex */; settings = {ATTRIBUTES = (RemoveHeadersOnCopy, ); }; };
		F4D4098A1DF35E4BF998EE4A /* InlinePhoto.swift in Sources */ = {isa = PBXBuildFile; fileRef = CD7A3372E778227A40182354 /* InlinePhoto.swift */; };
		F644D9FD13C1AF7313F2738B /* LocationProvider.swift in Sources */ = {isa = PBXBuildFile; fileRef = CBC7E99A123649E4FFAC4ECD /* LocationProvider.swift */; };
		F68045FA8F51CCC21E75F553 /* Thesaurus.swift in Sources */ = {isa = PBXBuildFile; fileRef = DAF0A860ABA882ECEE54F2A7 /* Thesaurus.swift */; };
		F81930CCA38BB2AB13EC20F9 /* Prompts+Nature.swift in Sources */ = {isa = PBXBuildFile; fileRef = C9AD8AFAC01175AC14737031 /* Prompts+Nature.swift */; };
		F949628E768A92B2247D0559 /* SavedPromptsView.swift in Sources */ = {isa = PBXBuildFile; fileRef = 74089F72177AC086B585AD67 /* SavedPromptsView.swift */; };
		FAE502D993F02FEDCA8EA712 /* DateGroupingTests.swift in Sources */ = {isa = PBXBuildFile; fileRef = 400F7BE208A962AA4679EC06 /* DateGroupingTests.swift */; };
/* End PBXBuildFile section */

/* Begin PBXContainerItemProxy section */
		2C9F3C2B5FF6182BB754BED0 /* PBXContainerItemProxy */ = {
			isa = PBXContainerItemProxy;
			containerPortal = 0CC250F26887AA7D0AF2DFF2 /* Project object */;
			proxyType = 1;
			remoteGlobalIDString = A7E908288E69270DC8559670;
			remoteInfo = Fern;
		};
		32C32CABC401499DFCE95B24 /* PBXContainerItemProxy */ = {
			isa = PBXContainerItemProxy;
			containerPortal = 0CC250F26887AA7D0AF2DFF2 /* Project object */;
			proxyType = 1;
			remoteGlobalIDString = 7D19C224458A8F548A417728;
			remoteInfo = FernWidget;
		};
/* End PBXContainerItemProxy section */

/* Begin PBXCopyFilesBuildPhase section */
		6BCD3913E8AA7A03A3DFD81A /* Embed Foundation Extensions */ = {
			isa = PBXCopyFilesBuildPhase;
			buildActionMask = 2147483647;
			dstPath = "";
			dstSubfolderSpec = 13;
			files = (
				F47842091633FBF109B3AA8F /* FernWidget.appex in Embed Foundation Extensions */,
			);
			name = "Embed Foundation Extensions";
			runOnlyForDeploymentPostprocessing = 0;
		};
/* End PBXCopyFilesBuildPhase section */

/* Begin PBXFileReference section */
		032FBB6A0B3EFEEDE519FABC /* DropCap.swift */ = {isa = PBXFileReference; lastKnownFileType = sourcecode.swift; path = DropCap.swift; sourceTree = "<group>"; };
		05F27301B01F7D4292CF16FE /* PaperBackground.swift */ = {isa = PBXFileReference; lastKnownFileType = sourcecode.swift; path = PaperBackground.swift; sourceTree = "<group>"; };
		08E10046E72A3938832A9FAD /* Persistence.swift */ = {isa = PBXFileReference; lastKnownFileType = sourcecode.swift; path = Persistence.swift; sourceTree = "<group>"; };
		0BA4819F5B46F531E5941CEA /* Info.plist */ = {isa = PBXFileReference; lastKnownFileType = text.plist; path = Info.plist; sourceTree = "<group>"; };
		12337FE2289C85966902B783 /* MarkdownExporter.swift */ = {isa = PBXFileReference; lastKnownFileType = sourcecode.swift; path = MarkdownExporter.swift; sourceTree = "<group>"; };
		132EE1FF896A92DFB10E075E /* SharedNotebookView.swift */ = {isa = PBXFileReference; lastKnownFileType = sourcecode.swift; path = SharedNotebookView.swift; sourceTree = "<group>"; };
		14A13CB74024BF409BFCE151 /* Haptics.swift */ = {isa = PBXFileReference; lastKnownFileType = sourcecode.swift; path = Haptics.swift; sourceTree = "<group>"; };
		163D4CB7983CFCF54E288E2D /* FlameFern.swift */ = {isa = PBXFileReference; lastKnownFileType = sourcecode.swift; path = FlameFern.swift; sourceTree = "<group>"; };
		186A14AE8DEDDA5B874B66BD /* SharedNotebookStore.swift */ = {isa = PBXFileReference; lastKnownFileType = sourcecode.swift; path = SharedNotebookStore.swift; sourceTree = "<group>"; };
		19AA713ACBE71683079C911D /* Gambetta-Medium.otf */ = {isa = PBXFileReference; lastKnownFileType = file; path = "Gambetta-Medium.otf"; sourceTree = "<group>"; };
		1BAEDC15B141E62B229D5685 /* RWTemplates.swift */ = {isa = PBXFileReference; lastKnownFileType = sourcecode.swift; path = RWTemplates.swift; sourceTree = "<group>"; };
		1E61F4A394060DA98CFFDC6B /* FernWidget.appex */ = {isa = PBXFileReference; includeInIndex = 0; lastKnownFileType = "wrapper.app-extension"; path = FernWidget.appex; sourceTree = BUILT_PRODUCTS_DIR; };
		1EEABECED98FEE4A7B0EF304 /* RootView.swift */ = {isa = PBXFileReference; lastKnownFileType = sourcecode.swift; path = RootView.swift; sourceTree = "<group>"; };
		214F3FCD16A11CA83BBE0F49 /* InkTools.swift */ = {isa = PBXFileReference; lastKnownFileType = sourcecode.swift; path = InkTools.swift; sourceTree = "<group>"; };
		22055322740852F3A76C7F93 /* BarnsleyFernTests.swift */ = {isa = PBXFileReference; lastKnownFileType = sourcecode.swift; path = BarnsleyFernTests.swift; sourceTree = "<group>"; };
		22A673B3EBE896C5204141A1 /* DrawingStore.swift */ = {isa = PBXFileReference; lastKnownFileType = sourcecode.swift; path = DrawingStore.swift; sourceTree = "<group>"; };
		232C4DDB499CBDC6E0B73E75 /* SpotlightIndexer.swift */ = {isa = PBXFileReference; lastKnownFileType = sourcecode.swift; path = SpotlightIndexer.swift; sourceTree = "<group>"; };
		280EC49A5562C111FA2CD94C /* PaperCard.swift */ = {isa = PBXFileReference; lastKnownFileType = sourcecode.swift; path = PaperCard.swift; sourceTree = "<group>"; };
		2821034BF1192AA87B02DA48 /* Asset.swift */ = {isa = PBXFileReference; lastKnownFileType = sourcecode.swift; path = Asset.swift; sourceTree = "<group>"; };
		28695B781553568A042DBF4C /* DateGrouping.swift */ = {isa = PBXFileReference; lastKnownFileType = sourcecode.swift; path = DateGrouping.swift; sourceTree = "<group>"; };
		287563240408442B1C299030 /* ModelTests.swift */ = {isa = PBXFileReference; lastKnownFileType = sourcecode.swift; path = ModelTests.swift; sourceTree = "<group>"; };
		2929CFE651CFFB180DB1F615 /* ProjectView.swift */ = {isa = PBXFileReference; lastKnownFileType = sourcecode.swift; path = ProjectView.swift; sourceTree = "<group>"; };
		2C43EDE9E41EC16B56C3CA6E /* RedwoodSettings.swift */ = {isa = PBXFileReference; lastKnownFileType = sourcecode.swift; path = RedwoodSettings.swift; sourceTree = "<group>"; };
		2E860E46D808FFFA7FE8AA9A /* Fraunces.ttf */ = {isa = PBXFileReference; lastKnownFileType = file; path = Fraunces.ttf; sourceTree = "<group>"; };
		33B710B62EE4D952BA7B3585 /* EntryRow.swift */ = {isa = PBXFileReference; lastKnownFileType = sourcecode.swift; path = EntryRow.swift; sourceTree = "<group>"; };
		366CCE747C235C4026B4A7CA /* WritingStats.swift */ = {isa = PBXFileReference; lastKnownFileType = sourcecode.swift; path = WritingStats.swift; sourceTree = "<group>"; };
		372C0EB975F143697FA69E96 /* MarkdownRender.swift */ = {isa = PBXFileReference; lastKnownFileType = sourcecode.swift; path = MarkdownRender.swift; sourceTree = "<group>"; };
		38E27EF4D706838525532A07 /* LibraryExporter.swift */ = {isa = PBXFileReference; lastKnownFileType = sourcecode.swift; path = LibraryExporter.swift; sourceTree = "<group>"; };
		3BE4457DFF57CF5D04E853B5 /* AccessoryBar.swift */ = {isa = PBXFileReference; lastKnownFileType = sourcecode.swift; path = AccessoryBar.swift; sourceTree = "<group>"; };
		3D4D39EC866C9EFD80CD9546 /* MarkdownTextView.swift */ = {isa = PBXFileReference; lastKnownFileType = sourcecode.swift; path = MarkdownTextView.swift; sourceTree = "<group>"; };
		3EB2BB1BE40E5C8BA4A77780 /* PromptCard.swift */ = {isa = PBXFileReference; lastKnownFileType = sourcecode.swift; path = PromptCard.swift; sourceTree = "<group>"; };
		3FDEB25A3B8570A4FFF61024 /* PromptStore.swift */ = {isa = PBXFileReference; lastKnownFileType = sourcecode.swift; path = PromptStore.swift; sourceTree = "<group>"; };
		400F7BE208A962AA4679EC06 /* DateGroupingTests.swift */ = {isa = PBXFileReference; lastKnownFileType = sourcecode.swift; path = DateGroupingTests.swift; sourceTree = "<group>"; };
		41676068049DC79076637EB1 /* Fraunces-OFL.txt */ = {isa = PBXFileReference; lastKnownFileType = text; path = "Fraunces-OFL.txt"; sourceTree = "<group>"; };
		44DC35D8BD947984A93C106B /* TodayView.swift */ = {isa = PBXFileReference; lastKnownFileType = sourcecode.swift; path = TodayView.swift; sourceTree = "<group>"; };
		498E7586F70ECCFA602F6B03 /* Prompts+Reflective.swift */ = {isa = PBXFileReference; lastKnownFileType = sourcecode.swift; path = "Prompts+Reflective.swift"; sourceTree = "<group>"; };
		49BCF6E4EFF1274EEAC43A8B /* Typography.swift */ = {isa = PBXFileReference; lastKnownFileType = sourcecode.swift; path = Typography.swift; sourceTree = "<group>"; };
		4C1195D5175BBFD5A209F39E /* NameSync.swift */ = {isa = PBXFileReference; lastKnownFileType = sourcecode.swift; path = NameSync.swift; sourceTree = "<group>"; };
		4DE4B4BAA147D79AC4DD0B0E /* Gambetta-Semibold.otf */ = {isa = PBXFileReference; lastKnownFileType = file; path = "Gambetta-Semibold.otf"; sourceTree = "<group>"; };
		5093FEFE01D3F907485BB252 /* EditorPhotos.swift */ = {isa = PBXFileReference; lastKnownFileType = sourcecode.swift; path = EditorPhotos.swift; sourceTree = "<group>"; };
		5176A8356310FFA7D76E741E /* OnboardingView.swift */ = {isa = PBXFileReference; lastKnownFileType = sourcecode.swift; path = OnboardingView.swift; sourceTree = "<group>"; };
		55662AF595DC7900135BE0CA /* LibraryView.swift */ = {isa = PBXFileReference; lastKnownFileType = sourcecode.swift; path = LibraryView.swift; sourceTree = "<group>"; };
		577966E8E6C9CBBB42BDF362 /* BarnsleyFern.swift */ = {isa = PBXFileReference; lastKnownFileType = sourcecode.swift; path = BarnsleyFern.swift; sourceTree = "<group>"; };
		5D169EBE697B65EFB3254C49 /* CalendarBrowse.swift */ = {isa = PBXFileReference; lastKnownFileType = sourcecode.swift; path = CalendarBrowse.swift; sourceTree = "<group>"; };
		5E7F1C4D49815A076F3A8A3C /* RedwoodApp.swift */ = {isa = PBXFileReference; lastKnownFileType = sourcecode.swift; path = RedwoodApp.swift; sourceTree = "<group>"; };
		61EF746BB6AAD23AA2AEFD56 /* WashLabView.swift */ = {isa = PBXFileReference; lastKnownFileType = sourcecode.swift; path = WashLabView.swift; sourceTree = "<group>"; };
		655279ADA8C6783C3A2943A0 /* Info.plist */ = {isa = PBXFileReference; lastKnownFileType = text.plist; path = Info.plist; sourceTree = "<group>"; };
		6874D40188440206C80B5EE5 /* Fern.app */ = {isa = PBXFileReference; includeInIndex = 0; lastKnownFileType = wrapper.application; path = Fern.app; sourceTree = BUILT_PRODUCTS_DIR; };
		68B6BA6BD6603F605BF65B63 /* ReadingView.swift */ = {isa = PBXFileReference; lastKnownFileType = sourcecode.swift; path = ReadingView.swift; sourceTree = "<group>"; };
		69C9FD6E8B7EA7C53554913F /* LockGate.swift */ = {isa = PBXFileReference; lastKnownFileType = sourcecode.swift; path = LockGate.swift; sourceTree = "<group>"; };
		6A87F893FEEDD086C788AEED /* Prompt.swift */ = {isa = PBXFileReference; lastKnownFileType = sourcecode.swift; path = Prompt.swift; sourceTree = "<group>"; };
		6E26486E72AA73E121EBA526 /* ActivityView.swift */ = {isa = PBXFileReference; lastKnownFileType = sourcecode.swift; path = ActivityView.swift; sourceTree = "<group>"; };
		6E4D9D08B30863DB5FA2E563 /* Redaction-Regular.ttf */ = {isa = PBXFileReference; lastKnownFileType = file; path = "Redaction-Regular.ttf"; sourceTree = "<group>"; };
		6E6101F538120C732D4B8695 /* MarkdownStylerTests.swift */ = {isa = PBXFileReference; lastKnownFileType = sourcecode.swift; path = MarkdownStylerTests.swift; sourceTree = "<group>"; };
		70573A969736F0D4419D6DA6 /* WeatherProvider.swift */ = {isa = PBXFileReference; lastKnownFileType = sourcecode.swift; path = WeatherProvider.swift; sourceTree = "<group>"; };
		727D83BA5B17248F99E64C89 /* RedwoodRootView.swift */ = {isa = PBXFileReference; lastKnownFileType = sourcecode.swift; path = RedwoodRootView.swift; sourceTree = "<group>"; };
		74089F72177AC086B585AD67 /* SavedPromptsView.swift */ = {isa = PBXFileReference; lastKnownFileType = sourcecode.swift; path = SavedPromptsView.swift; sourceTree = "<group>"; };
		8179EB32444953EE697C2342 /* PhotoStore.swift */ = {isa = PBXFileReference; lastKnownFileType = sourcecode.swift; path = PhotoStore.swift; sourceTree = "<group>"; };
		8C16252685A829E96A585FE8 /* ZipWriter.swift */ = {isa = PBXFileReference; lastKnownFileType = sourcecode.swift; path = ZipWriter.swift; sourceTree = "<group>"; };
		8EA5FF350A88CF4395BEF962 /* Redwood.app */ = {isa = PBXFileReference; includeInIndex = 0; lastKnownFileType = wrapper.application; path = Redwood.app; sourceTree = BUILT_PRODUCTS_DIR; };
		8EF8119C721CD1304B059C77 /* AppIntents.swift */ = {isa = PBXFileReference; lastKnownFileType = sourcecode.swift; path = AppIntents.swift; sourceTree = "<group>"; };
		970190D4D04CBD9FA602D885 /* FiddleheadShape.swift */ = {isa = PBXFileReference; lastKnownFileType = sourcecode.swift; path = FiddleheadShape.swift; sourceTree = "<group>"; };
		9786137BD2FB7930DFE52557 /* ReadAloud.swift */ = {isa = PBXFileReference; lastKnownFileType = sourcecode.swift; path = ReadAloud.swift; sourceTree = "<group>"; };
		9929AF61055BE97B0D2D90B1 /* StreakFlourish.swift */ = {isa = PBXFileReference; lastKnownFileType = sourcecode.swift; path = StreakFlourish.swift; sourceTree = "<group>"; };
		9A7151C81AE2B364DEA4C780 /* Entry.swift */ = {isa = PBXFileReference; lastKnownFileType = sourcecode.swift; path = Entry.swift; sourceTree = "<group>"; };
		9BC51BE11191B28C0AA2C34F /* Redaction-Bold.ttf */ = {isa = PBXFileReference; lastKnownFileType = file; path = "Redaction-Bold.ttf"; sourceTree = "<group>"; };
		9C7BF305C70EF6B5198FA801 /* AssetSync.swift */ = {isa = PBXFileReference; lastKnownFileType = sourcecode.swift; path = AssetSync.swift; sourceTree = "<group>"; };
		9EA4F12FB548A792178852EC /* JournalingTests.swift */ = {isa = PBXFileReference; lastKnownFileType = sourcecode.swift; path = JournalingTests.swift; sourceTree = "<group>"; };
		9F1E54D7BCC116EF041B9F49 /* Templates.swift */ = {isa = PBXFileReference; lastKnownFileType = sourcecode.swift; path = Templates.swift; sourceTree = "<group>"; };
		A1A9DEAFC77D976210B3D73F /* SettingsView.swift */ = {isa = PBXFileReference; lastKnownFileType = sourcecode.swift; path = SettingsView.swift; sourceTree = "<group>"; };
		A2DB7D4229AB470CADFC0E24 /* Prompts+Genshin.swift */ = {isa = PBXFileReference; lastKnownFileType = sourcecode.swift; path = "Prompts+Genshin.swift"; sourceTree = "<group>"; };
		A38E46173966308F74B1857F /* SampleData.swift */ = {isa = PBXFileReference; lastKnownFileType = sourcecode.swift; path = SampleData.swift; sourceTree = "<group>"; };
		A3E10DFCAB855A14CE7D486A /* ComposeButton.swift */ = {isa = PBXFileReference; lastKnownFileType = sourcecode.swift; path = ComposeButton.swift; sourceTree = "<group>"; };
		A460D16620DAD4DAD40A4768 /* HandwritingOCR.swift */ = {isa = PBXFileReference; lastKnownFileType = sourcecode.swift; path = HandwritingOCR.swift; sourceTree = "<group>"; };
		A6827187FF4941AE39243B9E /* Prompts+Nier.swift */ = {isa = PBXFileReference; lastKnownFileType = sourcecode.swift; path = "Prompts+Nier.swift"; sourceTree = "<group>"; };
		A829AD2F0398005602C71A4B /* CompileView.swift */ = {isa = PBXFileReference; lastKnownFileType = sourcecode.swift; path = CompileView.swift; sourceTree = "<group>"; };
		A8555CA55955DA21AAD193E5 /* EditorCommands.swift */ = {isa = PBXFileReference; lastKnownFileType = sourcecode.swift; path = EditorCommands.swift; sourceTree = "<group>"; };
		AB26D146B901CF925B729558 /* Assets.xcassets */ = {isa = PBXFileReference; lastKnownFileType = folder.assetcatalog; path = Assets.xcassets; sourceTree = "<group>"; };
		AD6943B8927D7DB6D40C3730 /* Components.swift */ = {isa = PBXFileReference; lastKnownFileType = sourcecode.swift; path = Components.swift; sourceTree = "<group>"; };
		B28F822C8468BE267C3F3293 /* ThemeStore.swift */ = {isa = PBXFileReference; lastKnownFileType = sourcecode.swift; path = ThemeStore.swift; sourceTree = "<group>"; };
		B572112FB741A611B6732471 /* FernTests.xctest */ = {isa = PBXFileReference; includeInIndex = 0; lastKnownFileType = wrapper.cfbundle; path = FernTests.xctest; sourceTree = BUILT_PRODUCTS_DIR; };
		B628B8479289E7CC246E5C5B /* EntryEditorView.swift */ = {isa = PBXFileReference; lastKnownFileType = sourcecode.swift; path = EntryEditorView.swift; sourceTree = "<group>"; };
		B7ABB577E515BBF1EC0238B8 /* Enums.swift */ = {isa = PBXFileReference; lastKnownFileType = sourcecode.swift; path = Enums.swift; sourceTree = "<group>"; };
		BB27CCF5E64406E93604C436 /* PDFExporter.swift */ = {isa = PBXFileReference; lastKnownFileType = sourcecode.swift; path = PDFExporter.swift; sourceTree = "<group>"; };
		BC549B1D7037E5DF677DC591 /* FernWidget.swift */ = {isa = PBXFileReference; lastKnownFileType = sourcecode.swift; path = FernWidget.swift; sourceTree = "<group>"; };
		C08E47716D1CE2229416D3EE /* InkReplay.swift */ = {isa = PBXFileReference; lastKnownFileType = sourcecode.swift; path = InkReplay.swift; sourceTree = "<group>"; };
		C0EAB514165A196C57AFEBE1 /* RedwoodCompiler.swift */ = {isa = PBXFileReference; lastKnownFileType = sourcecode.swift; path = RedwoodCompiler.swift; sourceTree = "<group>"; };
		C576F242B37F60F2186C68E4 /* FernApp.swift */ = {isa = PBXFileReference; lastKnownFileType = sourcecode.swift; path = FernApp.swift; sourceTree = "<group>"; };
		C9AD8AFAC01175AC14737031 /* Prompts+Nature.swift */ = {isa = PBXFileReference; lastKnownFileType = sourcecode.swift; path = "Prompts+Nature.swift"; sourceTree = "<group>"; };
		CBC7E99A123649E4FFAC4ECD /* LocationProvider.swift */ = {isa = PBXFileReference; lastKnownFileType = sourcecode.swift; path = LocationProvider.swift; sourceTree = "<group>"; };
		CD7A3372E778227A40182354 /* InlinePhoto.swift */ = {isa = PBXFileReference; lastKnownFileType = sourcecode.swift; path = InlinePhoto.swift; sourceTree = "<group>"; };
		D34493D1DC6741FEE0795EF1 /* SnapshotsView.swift */ = {isa = PBXFileReference; lastKnownFileType = sourcecode.swift; path = SnapshotsView.swift; sourceTree = "<group>"; };
		D35FC6DC207A6791C7446EE4 /* OnThisDay.swift */ = {isa = PBXFileReference; lastKnownFileType = sourcecode.swift; path = OnThisDay.swift; sourceTree = "<group>"; };
		D383A32ED71D29BD1C19B13C /* FernTabBar.swift */ = {isa = PBXFileReference; lastKnownFileType = sourcecode.swift; path = FernTabBar.swift; sourceTree = "<group>"; };
		D3A20EA5F23C21B6ACF018CE /* Prompts+Extras.swift */ = {isa = PBXFileReference; lastKnownFileType = sourcecode.swift; path = "Prompts+Extras.swift"; sourceTree = "<group>"; };
		D44942E279BD335540316414 /* DocumentEditorView.swift */ = {isa = PBXFileReference; lastKnownFileType = sourcecode.swift; path = DocumentEditorView.swift; sourceTree = "<group>"; };
		D5E1846726DBE1B8EB6ADCED /* BarnsleyFernView.swift */ = {isa = PBXFileReference; lastKnownFileType = sourcecode.swift; path = BarnsleyFernView.swift; sourceTree = "<group>"; };
		D7A67E4C33A31B4DDC79FE4E /* Assets.xcassets */ = {isa = PBXFileReference; lastKnownFileType = folder.assetcatalog; path = Assets.xcassets; sourceTree = "<group>"; };
		DAF0A860ABA882ECEE54F2A7 /* Thesaurus.swift */ = {isa = PBXFileReference; lastKnownFileType = sourcecode.swift; path = Thesaurus.swift; sourceTree = "<group>"; };
		DDDBBE40B1B0CA3FFA37EB3D /* Fern.entitlements */ = {isa = PBXFileReference; lastKnownFileType = text.plist.entitlements; path = Fern.entitlements; sourceTree = "<group>"; };
		E181D97F5417E6B533BC15C6 /* EditorialType.swift */ = {isa = PBXFileReference; lastKnownFileType = sourcecode.swift; path = EditorialType.swift; sourceTree = "<group>"; };
		E4414F13CC04DFCD17197E71 /* Palette.swift */ = {isa = PBXFileReference; lastKnownFileType = sourcecode.swift; path = Palette.swift; sourceTree = "<group>"; };
		E45CA19533DB05C24AC2162D /* SearchView.swift */ = {isa = PBXFileReference; lastKnownFileType = sourcecode.swift; path = SearchView.swift; sourceTree = "<group>"; };
		E7826A6B5EB47145BAAF378E /* MarkdownStyler.swift */ = {isa = PBXFileReference; lastKnownFileType = sourcecode.swift; path = MarkdownStyler.swift; sourceTree = "<group>"; };
		E955C6672E8D66A488569630 /* SmokeTests.swift */ = {isa = PBXFileReference; lastKnownFileType = sourcecode.swift; path = SmokeTests.swift; sourceTree = "<group>"; };
		EA4BBB39E7CE32F7D86E79DC /* BiometricLock.swift */ = {isa = PBXFileReference; lastKnownFileType = sourcecode.swift; path = BiometricLock.swift; sourceTree = "<group>"; };
		EB1ED64338FFF646CDCEB947 /* MarkdownEditorController.swift */ = {isa = PBXFileReference; lastKnownFileType = sourcecode.swift; path = MarkdownEditorController.swift; sourceTree = "<group>"; };
		EC5A0D4651E2BDC4D80A6AC9 /* MarkdownTheme.swift */ = {isa = PBXFileReference; lastKnownFileType = sourcecode.swift; path = MarkdownTheme.swift; sourceTree = "<group>"; };
		ED830E78A8ED4F64E15ECC2C /* PromptNotifier.swift */ = {isa = PBXFileReference; lastKnownFileType = sourcecode.swift; path = PromptNotifier.swift; sourceTree = "<group>"; };
		EE08F5EFD57674CB778E0A8B /* PromptLibrary.swift */ = {isa = PBXFileReference; lastKnownFileType = sourcecode.swift; path = PromptLibrary.swift; sourceTree = "<group>"; };
		F19142412D553EEF8C50BE21 /* SharedNote.swift */ = {isa = PBXFileReference; lastKnownFileType = sourcecode.swift; path = SharedNote.swift; sourceTree = "<group>"; };
		F327C3B26DB2481E8B9B1E8D /* RWModels.swift */ = {isa = PBXFileReference; lastKnownFileType = sourcecode.swift; path = RWModels.swift; sourceTree = "<group>"; };
		F433CA977FF4475744DAE193 /* Fonts.swift */ = {isa = PBXFileReference; lastKnownFileType = sourcecode.swift; path = Fonts.swift; sourceTree = "<group>"; };
		F742AB1A0EB1B95CC7A91A9D /* SuggestionsButton.swift */ = {isa = PBXFileReference; lastKnownFileType = sourcecode.swift; path = SuggestionsButton.swift; sourceTree = "<group>"; };
		FED160A738BC3DE663C28045 /* ThemeOptions.swift */ = {isa = PBXFileReference; lastKnownFileType = sourcecode.swift; path = ThemeOptions.swift; sourceTree = "<group>"; };
/* End PBXFileReference section */

/* Begin PBXFrameworksBuildPhase section */
		0539D7349EC76DB7F4AADAAD /* Frameworks */ = {
			isa = PBXFrameworksBuildPhase;
			buildActionMask = 2147483647;
			files = (
				AAC0A0E5917AA096F46B77A2 /* Markdown in Frameworks */,
			);
			runOnlyForDeploymentPostprocessing = 0;
		};
/* End PBXFrameworksBuildPhase section */

/* Begin PBXGroup section */
		15367DA11C3B7DC6E4E3266B /* Editor */ = {
			isa = PBXGroup;
			children = (
				3BE4457DFF57CF5D04E853B5 /* AccessoryBar.swift */,
				032FBB6A0B3EFEEDE519FABC /* DropCap.swift */,
				A8555CA55955DA21AAD193E5 /* EditorCommands.swift */,
				5093FEFE01D3F907485BB252 /* EditorPhotos.swift */,
				214F3FCD16A11CA83BBE0F49 /* InkTools.swift */,
				CD7A3372E778227A40182354 /* InlinePhoto.swift */,
				EB1ED64338FFF646CDCEB947 /* MarkdownEditorController.swift */,
				372C0EB975F143697FA69E96 /* MarkdownRender.swift */,
				E7826A6B5EB47145BAAF378E /* MarkdownStyler.swift */,
				3D4D39EC866C9EFD80CD9546 /* MarkdownTextView.swift */,
				EC5A0D4651E2BDC4D80A6AC9 /* MarkdownTheme.swift */,
				DAF0A860ABA882ECEE54F2A7 /* Thesaurus.swift */,
			);
			path = Editor;
			sourceTree = "<group>";
		};
		18C4695484EAB2ABB7E6698C /* Views */ = {
			isa = PBXGroup;
			children = (
				A829AD2F0398005602C71A4B /* CompileView.swift */,
				D44942E279BD335540316414 /* DocumentEditorView.swift */,
				2929CFE651CFFB180DB1F615 /* ProjectView.swift */,
				727D83BA5B17248F99E64C89 /* RedwoodRootView.swift */,
				2C43EDE9E41EC16B56C3CA6E /* RedwoodSettings.swift */,
				D34493D1DC6741FEE0795EF1 /* SnapshotsView.swift */,
			);
			path = Views;
			sourceTree = "<group>";
		};
		2060FE215DAD0AA0271D22E4 /* Content */ = {
			isa = PBXGroup;
			children = (
				D3A20EA5F23C21B6ACF018CE /* Prompts+Extras.swift */,
				A2DB7D4229AB470CADFC0E24 /* Prompts+Genshin.swift */,
				C9AD8AFAC01175AC14737031 /* Prompts+Nature.swift */,
				A6827187FF4941AE39243B9E /* Prompts+Nier.swift */,
				498E7586F70ECCFA602F6B03 /* Prompts+Reflective.swift */,
			);
			path = Content;
			sourceTree = "<group>";
		};
		34A029D572EFF648BEE42494 /* Services */ = {
			isa = PBXGroup;
			children = (
				C0EAB514165A196C57AFEBE1 /* RedwoodCompiler.swift */,
				8C16252685A829E96A585FE8 /* ZipWriter.swift */,
			);
			path = Services;
			sourceTree = "<group>";
		};
		3AC501E5A8FB92411BEEC48A /* Models */ = {
			isa = PBXGroup;
			children = (
				F327C3B26DB2481E8B9B1E8D /* RWModels.swift */,
			);
			path = Models;
			sourceTree = "<group>";
		};
		50B77B92874C83A911247AB7 /* Fern */ = {
			isa = PBXGroup;
			children = (
				8EF8119C721CD1304B059C77 /* AppIntents.swift */,
				D7A67E4C33A31B4DDC79FE4E /* Assets.xcassets */,
				DDDBBE40B1B0CA3FFA37EB3D /* Fern.entitlements */,
				C576F242B37F60F2186C68E4 /* FernApp.swift */,
				655279ADA8C6783C3A2943A0 /* Info.plist */,
				08E10046E72A3938832A9FAD /* Persistence.swift */,
				CE35430BC9A01FE8982D34A1 /* Botanical */,
				2060FE215DAD0AA0271D22E4 /* Content */,
				15367DA11C3B7DC6E4E3266B /* Editor */,
				A6DBF89D855ED8E1267BBEB9 /* Fonts */,
				CDF57EE06DD3F000AE26E7F4 /* Models */,
				6EEE2E73B5155373BF1D2496 /* Services */,
				EEC5557C625874186CA22199 /* Sharing */,
				79295EE49F434C1181779944 /* Store */,
				8B9907BC5B64DFAFC4DB41A9 /* Support */,
				D52DB763515C2DBBEA2436F4 /* Theme */,
				98369E2AF3EA08A2C06290BA /* Views */,
			);
			path = Fern;
			sourceTree = "<group>";
		};
		6EEE2E73B5155373BF1D2496 /* Services */ = {
			isa = PBXGroup;
			children = (
				9C7BF305C70EF6B5198FA801 /* AssetSync.swift */,
				EA4BBB39E7CE32F7D86E79DC /* BiometricLock.swift */,
				22A673B3EBE896C5204141A1 /* DrawingStore.swift */,
				F433CA977FF4475744DAE193 /* Fonts.swift */,
				A460D16620DAD4DAD40A4768 /* HandwritingOCR.swift */,
				14A13CB74024BF409BFCE151 /* Haptics.swift */,
				38E27EF4D706838525532A07 /* LibraryExporter.swift */,
				CBC7E99A123649E4FFAC4ECD /* LocationProvider.swift */,
				12337FE2289C85966902B783 /* MarkdownExporter.swift */,
				4C1195D5175BBFD5A209F39E /* NameSync.swift */,
				BB27CCF5E64406E93604C436 /* PDFExporter.swift */,
				8179EB32444953EE697C2342 /* PhotoStore.swift */,
				ED830E78A8ED4F64E15ECC2C /* PromptNotifier.swift */,
				9786137BD2FB7930DFE52557 /* ReadAloud.swift */,
				232C4DDB499CBDC6E0B73E75 /* SpotlightIndexer.swift */,
				70573A969736F0D4419D6DA6 /* WeatherProvider.swift */,
			);
			path = Services;
			sourceTree = "<group>";
		};
		6EF64AE7D61775BF962D3E5E /* FernTests */ = {
			isa = PBXGroup;
			children = (
				22055322740852F3A76C7F93 /* BarnsleyFernTests.swift */,
				400F7BE208A962AA4679EC06 /* DateGroupingTests.swift */,
				9EA4F12FB548A792178852EC /* JournalingTests.swift */,
				6E6101F538120C732D4B8695 /* MarkdownStylerTests.swift */,
				287563240408442B1C299030 /* ModelTests.swift */,
				E955C6672E8D66A488569630 /* SmokeTests.swift */,
			);
			path = FernTests;
			sourceTree = "<group>";
		};
		79295EE49F434C1181779944 /* Store */ = {
			isa = PBXGroup;
			children = (
				EE08F5EFD57674CB778E0A8B /* PromptLibrary.swift */,
				3FDEB25A3B8570A4FFF61024 /* PromptStore.swift */,
				B28F822C8468BE267C3F3293 /* ThemeStore.swift */,
			);
			path = Store;
			sourceTree = "<group>";
		};
		8B9907BC5B64DFAFC4DB41A9 /* Support */ = {
			isa = PBXGroup;
			children = (
				28695B781553568A042DBF4C /* DateGrouping.swift */,
				D35FC6DC207A6791C7446EE4 /* OnThisDay.swift */,
				A38E46173966308F74B1857F /* SampleData.swift */,
				9F1E54D7BCC116EF041B9F49 /* Templates.swift */,
				366CCE747C235C4026B4A7CA /* WritingStats.swift */,
			);
			path = Support;
			sourceTree = "<group>";
		};
		8FBCC46B833172F9188C56B8 /* Products */ = {
			isa = PBXGroup;
			children = (
				6874D40188440206C80B5EE5 /* Fern.app */,
				B572112FB741A611B6732471 /* FernTests.xctest */,
				1E61F4A394060DA98CFFDC6B /* FernWidget.appex */,
				8EA5FF350A88CF4395BEF962 /* Redwood.app */,
			);
			name = Products;
			sourceTree = "<group>";
		};
		94013637290B8CCAB5F9CFB8 /* FernWidget */ = {
			isa = PBXGroup;
			children = (
				BC549B1D7037E5DF677DC591 /* FernWidget.swift */,
				0BA4819F5B46F531E5941CEA /* Info.plist */,
			);
			path = FernWidget;
			sourceTree = "<group>";
		};
		98369E2AF3EA08A2C06290BA /* Views */ = {
			isa = PBXGroup;
			children = (
				6E26486E72AA73E121EBA526 /* ActivityView.swift */,
				5D169EBE697B65EFB3254C49 /* CalendarBrowse.swift */,
				A3E10DFCAB855A14CE7D486A /* ComposeButton.swift */,
				B628B8479289E7CC246E5C5B /* EntryEditorView.swift */,
				33B710B62EE4D952BA7B3585 /* EntryRow.swift */,
				D383A32ED71D29BD1C19B13C /* FernTabBar.swift */,
				C08E47716D1CE2229416D3EE /* InkReplay.swift */,
				55662AF595DC7900135BE0CA /* LibraryView.swift */,
				69C9FD6E8B7EA7C53554913F /* LockGate.swift */,
				5176A8356310FFA7D76E741E /* OnboardingView.swift */,
				280EC49A5562C111FA2CD94C /* PaperCard.swift */,
				3EB2BB1BE40E5C8BA4A77780 /* PromptCard.swift */,
				68B6BA6BD6603F605BF65B63 /* ReadingView.swift */,
				1EEABECED98FEE4A7B0EF304 /* RootView.swift */,
				74089F72177AC086B585AD67 /* SavedPromptsView.swift */,
				E45CA19533DB05C24AC2162D /* SearchView.swift */,
				A1A9DEAFC77D976210B3D73F /* SettingsView.swift */,
				9929AF61055BE97B0D2D90B1 /* StreakFlourish.swift */,
				F742AB1A0EB1B95CC7A91A9D /* SuggestionsButton.swift */,
				44DC35D8BD947984A93C106B /* TodayView.swift */,
				61EF746BB6AAD23AA2AEFD56 /* WashLabView.swift */,
			);
			path = Views;
			sourceTree = "<group>";
		};
		A6DBF89D855ED8E1267BBEB9 /* Fonts */ = {
			isa = PBXGroup;
			children = (
				41676068049DC79076637EB1 /* Fraunces-OFL.txt */,
				2E860E46D808FFFA7FE8AA9A /* Fraunces.ttf */,
				19AA713ACBE71683079C911D /* Gambetta-Medium.otf */,
				4DE4B4BAA147D79AC4DD0B0E /* Gambetta-Semibold.otf */,
				9BC51BE11191B28C0AA2C34F /* Redaction-Bold.ttf */,
				6E4D9D08B30863DB5FA2E563 /* Redaction-Regular.ttf */,
			);
			path = Fonts;
			sourceTree = "<group>";
		};
		CDF57EE06DD3F000AE26E7F4 /* Models */ = {
			isa = PBXGroup;
			children = (
				2821034BF1192AA87B02DA48 /* Asset.swift */,
				9A7151C81AE2B364DEA4C780 /* Entry.swift */,
				B7ABB577E515BBF1EC0238B8 /* Enums.swift */,
				6A87F893FEEDD086C788AEED /* Prompt.swift */,
			);
			path = Models;
			sourceTree = "<group>";
		};
		CE35430BC9A01FE8982D34A1 /* Botanical */ = {
			isa = PBXGroup;
			children = (
				577966E8E6C9CBBB42BDF362 /* BarnsleyFern.swift */,
				D5E1846726DBE1B8EB6ADCED /* BarnsleyFernView.swift */,
				970190D4D04CBD9FA602D885 /* FiddleheadShape.swift */,
				163D4CB7983CFCF54E288E2D /* FlameFern.swift */,
			);
			path = Botanical;
			sourceTree = "<group>";
		};
		D4465FC55C27B2BB546666EF /* Support */ = {
			isa = PBXGroup;
			children = (
				1BAEDC15B141E62B229D5685 /* RWTemplates.swift */,
			);
			path = Support;
			sourceTree = "<group>";
		};
		D52DB763515C2DBBEA2436F4 /* Theme */ = {
			isa = PBXGroup;
			children = (
				AD6943B8927D7DB6D40C3730 /* Components.swift */,
				E181D97F5417E6B533BC15C6 /* EditorialType.swift */,
				E4414F13CC04DFCD17197E71 /* Palette.swift */,
				05F27301B01F7D4292CF16FE /* PaperBackground.swift */,
				FED160A738BC3DE663C28045 /* ThemeOptions.swift */,
				49BCF6E4EFF1274EEAC43A8B /* Typography.swift */,
			);
			path = Theme;
			sourceTree = "<group>";
		};
		E60836177F25AE681AFEF18A /* Redwood */ = {
			isa = PBXGroup;
			children = (
				AB26D146B901CF925B729558 /* Assets.xcassets */,
				5E7F1C4D49815A076F3A8A3C /* RedwoodApp.swift */,
				3AC501E5A8FB92411BEEC48A /* Models */,
				34A029D572EFF648BEE42494 /* Services */,
				D4465FC55C27B2BB546666EF /* Support */,
				18C4695484EAB2ABB7E6698C /* Views */,
			);
			path = Redwood;
			sourceTree = "<group>";
		};
		EEC5557C625874186CA22199 /* Sharing */ = {
			isa = PBXGroup;
			children = (
				F19142412D553EEF8C50BE21 /* SharedNote.swift */,
				186A14AE8DEDDA5B874B66BD /* SharedNotebookStore.swift */,
				132EE1FF896A92DFB10E075E /* SharedNotebookView.swift */,
			);
			path = Sharing;
			sourceTree = "<group>";
		};
		FCC22838342F85043D78ACE0 = {
			isa = PBXGroup;
			children = (
				50B77B92874C83A911247AB7 /* Fern */,
				6EF64AE7D61775BF962D3E5E /* FernTests */,
				94013637290B8CCAB5F9CFB8 /* FernWidget */,
				E60836177F25AE681AFEF18A /* Redwood */,
				8FBCC46B833172F9188C56B8 /* Products */,
			);
			sourceTree = "<group>";
		};
/* End PBXGroup section */

/* Begin PBXNativeTarget section */
		7D19C224458A8F548A417728 /* FernWidget */ = {
			isa = PBXNativeTarget;
			buildConfigurationList = F71AF9891038C0C00086C7B2 /* Build configuration list for PBXNativeTarget "FernWidget" */;
			buildPhases = (
				46B7D76FE47A49EA39E925E2 /* Sources */,
			);
			buildRules = (
			);
			dependencies = (
			);
			name = FernWidget;
			packageProductDependencies = (
			);
			productName = FernWidget;
			productReference = 1E61F4A394060DA98CFFDC6B /* FernWidget.appex */;
			productType = "com.apple.product-type.app-extension";
		};
		89FB168C117CE62C997D5554 /* Redwood */ = {
			isa = PBXNativeTarget;
			buildConfigurationList = 3856BD5B1DF43301A7BE631F /* Build configuration list for PBXNativeTarget "Redwood" */;
			buildPhases = (
				3029D01D54AB1158F90C5FC9 /* Sources */,
				5A928651665124ED8C80DB0C /* Resources */,
			);
			buildRules = (
			);
			dependencies = (
			);
			name = Redwood;
			packageProductDependencies = (
			);
			productName = Redwood;
			productReference = 8EA5FF350A88CF4395BEF962 /* Redwood.app */;
			productType = "com.apple.product-type.application";
		};
		A7E908288E69270DC8559670 /* Fern */ = {
			isa = PBXNativeTarget;
			buildConfigurationList = 54266CBDF5D736B14FB789CB /* Build configuration list for PBXNativeTarget "Fern" */;
			buildPhases = (
				B96F7B98DE952009051E3D6C /* Sources */,
				7DD26EC3470FB2258B91276E /* Resources */,
				0539D7349EC76DB7F4AADAAD /* Frameworks */,
				6BCD3913E8AA7A03A3DFD81A /* Embed Foundation Extensions */,
			);
			buildRules = (
			);
			dependencies = (
				F6A472B3C78A7CBDA77798BF /* PBXTargetDependency */,
			);
			name = Fern;
			packageProductDependencies = (
				229223438BC567429C3E5B74 /* Markdown */,
			);
			productName = Fern;
			productReference = 6874D40188440206C80B5EE5 /* Fern.app */;
			productType = "com.apple.product-type.application";
		};
		E245B4287F292ECE40259C25 /* FernTests */ = {
			isa = PBXNativeTarget;
			buildConfigurationList = 664CBCB21C650065991FEAAF /* Build configuration list for PBXNativeTarget "FernTests" */;
			buildPhases = (
				0C4EFD3113D5F9C2B1BA7F9C /* Sources */,
			);
			buildRules = (
			);
			dependencies = (
				FED3E348510867374A0C5959 /* PBXTargetDependency */,
			);
			name = FernTests;
			packageProductDependencies = (
			);
			productName = FernTests;
			productReference = B572112FB741A611B6732471 /* FernTests.xctest */;
			productType = "com.apple.product-type.bundle.unit-test";
		};
/* End PBXNativeTarget section */

/* Begin PBXProject section */
		0CC250F26887AA7D0AF2DFF2 /* Project object */ = {
			isa = PBXProject;
			attributes = {
				BuildIndependentTargetsInParallel = YES;
				LastUpgradeCheck = 1430;
				TargetAttributes = {
					7D19C224458A8F548A417728 = {
						DevelopmentTeam = 775QLS4P2V;
						ProvisioningStyle = Automatic;
					};
					89FB168C117CE62C997D5554 = {
						DevelopmentTeam = 775QLS4P2V;
						ProvisioningStyle = Automatic;
					};
					A7E908288E69270DC8559670 = {
						DevelopmentTeam = 775QLS4P2V;
						ProvisioningStyle = Automatic;
					};
				};
			};
			buildConfigurationList = B3D23560C4BBD3A917D39683 /* Build configuration list for PBXProject "Fern" */;
			developmentRegion = en;
			hasScannedForEncodings = 0;
			knownRegions = (
				Base,
				en,
			);
			mainGroup = FCC22838342F85043D78ACE0;
			minimizedProjectReferenceProxies = 1;
			packageReferences = (
				9EE1E04C3247D984DB2CD772 /* XCRemoteSwiftPackageReference "swift-markdown" */,
			);
			preferredProjectObjectVersion = 77;
			productRefGroup = 8FBCC46B833172F9188C56B8 /* Products */;
			projectDirPath = "";
			projectRoot = "";
			targets = (
				A7E908288E69270DC8559670 /* Fern */,
				E245B4287F292ECE40259C25 /* FernTests */,
				7D19C224458A8F548A417728 /* FernWidget */,
				89FB168C117CE62C997D5554 /* Redwood */,
			);
		};
/* End PBXProject section */

/* Begin PBXResourcesBuildPhase section */
		5A928651665124ED8C80DB0C /* Resources */ = {
			isa = PBXResourcesBuildPhase;
			buildActionMask = 2147483647;
			files = (
				0D963D7D2C4667E6B6D95444 /* Assets.xcassets in Resources */,
				F1A24374EF71111E4081DA86 /* Fraunces-OFL.txt in Resources */,
				C0AAFCEF6B66656D1D8303BE /* Fraunces.ttf in Resources */,
				B6B5A2D891B2BB3BC9175163 /* Gambetta-Medium.otf in Resources */,
				C30CA974324D7A08754C1CD7 /* Gambetta-Semibold.otf in Resources */,
				D18590669C021D5E6559CD08 /* Redaction-Bold.ttf in Resources */,
				5D010F36E595A3B7F8AF4E74 /* Redaction-Regular.ttf in Resources */,
			);
			runOnlyForDeploymentPostprocessing = 0;
		};
		7DD26EC3470FB2258B91276E /* Resources */ = {
			isa = PBXResourcesBuildPhase;
			buildActionMask = 2147483647;
			files = (
				BE12B4B0AD2AF461EE824738 /* Assets.xcassets in Resources */,
				41451E9E40707E96F2655B4C /* Fraunces-OFL.txt in Resources */,
				CC3665D198ED795C87F1101A /* Fraunces.ttf in Resources */,
				CE5B49A44B0A8E6713E7FBAC /* Gambetta-Medium.otf in Resources */,
				C64989F464837161990274E7 /* Gambetta-Semibold.otf in Resources */,
				BB8ECF80E64C3F7845CD07C5 /* Redaction-Bold.ttf in Resources */,
				776C20BBFFEC7E2ABEA210E2 /* Redaction-Regular.ttf in Resources */,
			);
			runOnlyForDeploymentPostprocessing = 0;
		};
/* End PBXResourcesBuildPhase section */

/* Begin PBXSourcesBuildPhase section */
		0C4EFD3113D5F9C2B1BA7F9C /* Sources */ = {
			isa = PBXSourcesBuildPhase;
			buildActionMask = 2147483647;
			files = (
				669E6EE6DF023A2CC97C609E /* BarnsleyFernTests.swift in Sources */,
				FAE502D993F02FEDCA8EA712 /* DateGroupingTests.swift in Sources */,
				30B54EE715B224CE938A6A97 /* JournalingTests.swift in Sources */,
				CC0328D5AF564B8CA598788A /* MarkdownStylerTests.swift in Sources */,
				B644B497FD07EFA1C899E95D /* ModelTests.swift in Sources */,
				0D0DE355B9F5C242382E500E /* SmokeTests.swift in Sources */,
			);
			runOnlyForDeploymentPostprocessing = 0;
		};
		3029D01D54AB1158F90C5FC9 /* Sources */ = {
			isa = PBXSourcesBuildPhase;
			buildActionMask = 2147483647;
			files = (
				4FA11427D629B1D7A35C209C /* AccessoryBar.swift in Sources */,
				D39A6F73D8B7FC76FD3F2204 /* BarnsleyFern.swift in Sources */,
				7024D74C23FD639329068964 /* BarnsleyFernView.swift in Sources */,
				22EEE3A3FF26D753AA0ECE53 /* CompileView.swift in Sources */,
				86A99155B10E4FB6996D911E /* Components.swift in Sources */,
				1D80D21C9164034A2947F4DF /* DocumentEditorView.swift in Sources */,
				4EB41FF6573659686F1EC401 /* DrawingStore.swift in Sources */,
				251E2E48E04F375B695C0D48 /* DropCap.swift in Sources */,
				3E5FA23149B9339C1E0DCA1D /* EditorCommands.swift in Sources */,
				D8603E52489C6BE6CBE9D6B7 /* EditorPhotos.swift in Sources */,
				89A3803D9FCF064462EB77D4 /* EditorialType.swift in Sources */,
				5ED717E3643B2A5B5CA54E3F /* FiddleheadShape.swift in Sources */,
				D7127540FF80EDBCE64889F4 /* FlameFern.swift in Sources */,
				C9E4D48DF133FAC2EA0A76A9 /* Fonts.swift in Sources */,
				4E225790FE3923A92F8BB584 /* HandwritingOCR.swift in Sources */,
				73E92527F6D012AF55009E80 /* Haptics.swift in Sources */,
				4D5D612A168FEC9B73FEC07C /* InkTools.swift in Sources */,
				F4D4098A1DF35E4BF998EE4A /* InlinePhoto.swift in Sources */,
				811F7E70C6BAF04259641E1C /* MarkdownEditorController.swift in Sources */,
				261155C42396E151F95525D8 /* MarkdownRender.swift in Sources */,
				8CDA8820A7D0BE71D363227E /* MarkdownStyler.swift in Sources */,
				C685794B33924C00E30B850E /* MarkdownTextView.swift in Sources */,
				260305D549C18A272AD1D6E1 /* MarkdownTheme.swift in Sources */,
				91A8A5EED212BF5FD985826A /* Palette.swift in Sources */,
				9ECDE84E71366D036DB3355A /* PaperBackground.swift in Sources */,
				EEC974BF4825752C14EF617E /* PhotoStore.swift in Sources */,
				DD8DF15F45F5C83BCDE68809 /* ProjectView.swift in Sources */,
				08DEA1E14E3440DC001945AA /* RWModels.swift in Sources */,
				8BC189ECBBE3E285243537A2 /* RWTemplates.swift in Sources */,
				98B6A141FF7B1252AA3901E6 /* RedwoodApp.swift in Sources */,
				DA56CD73E1A8222DE842310B /* RedwoodCompiler.swift in Sources */,
				3BF3CEC83CD518F3D97EB5C6 /* RedwoodRootView.swift in Sources */,
				92D0C4DFE196536BC0FF6509 /* RedwoodSettings.swift in Sources */,
				9865957DD7F35828DE4FD1C3 /* SnapshotsView.swift in Sources */,
				39F5FEA6808CFCC33C58C418 /* ThemeOptions.swift in Sources */,
				4241502C06180F2738B93F1F /* ThemeStore.swift in Sources */,
				9E2545EC6950D4D99AD0BF94 /* Thesaurus.swift in Sources */,
				25F1719DB79389C04B45E15C /* Typography.swift in Sources */,
				71FE0DFC47C1F0E54D1926AC /* ZipWriter.swift in Sources */,
			);
			runOnlyForDeploymentPostprocessing = 0;
		};
		46B7D76FE47A49EA39E925E2 /* Sources */ = {
			isa = PBXSourcesBuildPhase;
			buildActionMask = 2147483647;
			files = (
				6BA4DEAECEFBCFF57B6066B3 /* FernWidget.swift in Sources */,
				01D567AA68237053C6AC3535 /* Prompt.swift in Sources */,
				683783406844100472B2F940 /* PromptLibrary.swift in Sources */,
				873B34669B1C80A171A3A83F /* Prompts+Extras.swift in Sources */,
				6779D6DD2E41184CA674A8A1 /* Prompts+Genshin.swift in Sources */,
				9B5B8E807FC24E81E98A7BCD /* Prompts+Nature.swift in Sources */,
				3CFB752C4AA04EB824D47F1D /* Prompts+Nier.swift in Sources */,
				F00296BCD3F84428E90C9F8D /* Prompts+Reflective.swift in Sources */,
			);
			runOnlyForDeploymentPostprocessing = 0;
		};
		B96F7B98DE952009051E3D6C /* Sources */ = {
			isa = PBXSourcesBuildPhase;
			buildActionMask = 2147483647;
			files = (
				46D0ADB747D5436625E20C0C /* AccessoryBar.swift in Sources */,
				9A64942EF4BF90D9AA61656A /* ActivityView.swift in Sources */,
				E5C0CCDE6CAC9613894A2100 /* AppIntents.swift in Sources */,
				C1ADB5C3D247E41EA84AD646 /* Asset.swift in Sources */,
				A3371C8D281AECF7E2AD4D6E /* AssetSync.swift in Sources */,
				D1F83BB5944806CC63145AAB /* BarnsleyFern.swift in Sources */,
				400A3569506D5FCD81502BBF /* BarnsleyFernView.swift in Sources */,
				533F6945C4B9BFA4D02EEE09 /* BiometricLock.swift in Sources */,
				BB265BDD87AD52A1EA2381BB /* CalendarBrowse.swift in Sources */,
				62166C608582EFCE76A75612 /* Components.swift in Sources */,
				BDB9D4177DA66409E04B8B4D /* ComposeButton.swift in Sources */,
				9754DE281C6AC39A1A30A206 /* DateGrouping.swift in Sources */,
				B4260379C7DF075F533DC4AB /* DrawingStore.swift in Sources */,
				6AD5556CEDD35ACC4A2E86C1 /* DropCap.swift in Sources */,
				C31C1F4E584B0D6583E50EF2 /* EditorCommands.swift in Sources */,
				BE358E151418F55454E77E3B /* EditorPhotos.swift in Sources */,
				648295A308E820D07E568084 /* EditorialType.swift in Sources */,
				F349ECAB7A224AE4DBB6C3C5 /* Entry.swift in Sources */,
				12F6E70FBF359B44046B6B35 /* EntryEditorView.swift in Sources */,
				80AC7B1ED6DFFBCDA716827D /* EntryRow.swift in Sources */,
				37DBA60E213431CDD95E2D8F /* Enums.swift in Sources */,
				4B409622B1DBAB1DB8FA90C9 /* FernApp.swift in Sources */,
				E473E6FD8FFFD9B1D6D51332 /* FernTabBar.swift in Sources */,
				3D0FB454E38EAC3E80B50E90 /* FiddleheadShape.swift in Sources */,
				392EB22690A3C371227C9160 /* FlameFern.swift in Sources */,
				C0291DEC6228E55CC51444BF /* Fonts.swift in Sources */,
				7CC1EE91B315718CFB5A45B2 /* HandwritingOCR.swift in Sources */,
				6B2D584E9754339E0D158320 /* Haptics.swift in Sources */,
				B9FF454EBBAAF571182447BE /* InkReplay.swift in Sources */,
				CC6EA4FDA2F796AE6E0711DC /* InkTools.swift in Sources */,
				BAAD7E05C3F0C47032BF6E88 /* InlinePhoto.swift in Sources */,
				7247B5144A9C2346788FEE39 /* LibraryExporter.swift in Sources */,
				7BCAFCB50A4D4363CC753425 /* LibraryView.swift in Sources */,
				F644D9FD13C1AF7313F2738B /* LocationProvider.swift in Sources */,
				CFA3B0A3A46563E0D74D4ECB /* LockGate.swift in Sources */,
				4622A209A674C3218FD029E6 /* MarkdownEditorController.swift in Sources */,
				1A6A86D78DFB6879B49C1D36 /* MarkdownExporter.swift in Sources */,
				2E423D4EA3FD10D32F3F3260 /* MarkdownRender.swift in Sources */,
				D3988507F66A8D5E8CF88039 /* MarkdownStyler.swift in Sources */,
				CEE905C9E387AE4BFEC37187 /* MarkdownTextView.swift in Sources */,
				CAF77756FD782FF6B9B4F45E /* MarkdownTheme.swift in Sources */,
				BCD36B9B75C19D47A5B91681 /* NameSync.swift in Sources */,
				0517271B1D128E80B8942A3F /* OnThisDay.swift in Sources */,
				7B2A61EE3B29A7332788E868 /* OnboardingView.swift in Sources */,
				780B69FDC82CB2EE8E998FF3 /* PDFExporter.swift in Sources */,
				746E38C71A4F2CEF9BEBB03D /* Palette.swift in Sources */,
				77B294B9149D84DBAF60E3AA /* PaperBackground.swift in Sources */,
				1109D39F0468942D5FEE7DA6 /* PaperCard.swift in Sources */,
				D5B3AC7B5AB7666C2BAEC1DE /* Persistence.swift in Sources */,
				CA4B3D83E81920AEAC18A28C /* PhotoStore.swift in Sources */,
				65A3BFB4A131C784AA20BB46 /* Prompt.swift in Sources */,
				3291FF5A77AE8F8B2D893CCE /* PromptCard.swift in Sources */,
				121EC7706CC6B8DD6B0B1CDE /* PromptLibrary.swift in Sources */,
				E5B87471D24573544FF784FD /* PromptNotifier.swift in Sources */,
				91D3B0870053AE6264E7441B /* PromptStore.swift in Sources */,
				A1608D2E62B4B1917A46A610 /* Prompts+Extras.swift in Sources */,
				4438065D4292698772195EA0 /* Prompts+Genshin.swift in Sources */,
				F81930CCA38BB2AB13EC20F9 /* Prompts+Nature.swift in Sources */,
				7A68060523CD303E82379DC9 /* Prompts+Nier.swift in Sources */,
				E46E487B2EB249A714915481 /* Prompts+Reflective.swift in Sources */,
				8543212350CDE518B140C241 /* ReadAloud.swift in Sources */,
				452D8CE9EE66ECD1B34EC64A /* ReadingView.swift in Sources */,
				9B31CC201C20F047C9C7BEA4 /* RootView.swift in Sources */,
				418021820E5FEC3DDBC92F84 /* SampleData.swift in Sources */,
				F949628E768A92B2247D0559 /* SavedPromptsView.swift in Sources */,
				70EBAECB0734E21D12105353 /* SearchView.swift in Sources */,
				8C55FFD856258A9B5FAD3C30 /* SettingsView.swift in Sources */,
				4E28455A850EEDE950C9EA81 /* SharedNote.swift in Sources */,
				A5337A96A39EF50CFE51E4C5 /* SharedNotebookStore.swift in Sources */,
				91B3BE71F2F3C574BA6BDE26 /* SharedNotebookView.swift in Sources */,
				D85467988DD2C1B7C6F01832 /* SpotlightIndexer.swift in Sources */,
				DE9C94EAA72A6FB55D858189 /* StreakFlourish.swift in Sources */,
				B860398E1BA261EE37594B57 /* SuggestionsButton.swift in Sources */,
				5FF5CDEE5C4F0D31194A4C7C /* Templates.swift in Sources */,
				C0E4621C3F0203251652A3FE /* ThemeOptions.swift in Sources */,
				92ED5F2A942664849205A3E5 /* ThemeStore.swift in Sources */,
				F68045FA8F51CCC21E75F553 /* Thesaurus.swift in Sources */,
				EFB45A7993691F8811C3B8D5 /* TodayView.swift in Sources */,
				51010732818FD074595FF242 /* Typography.swift in Sources */,
				2A1C73B6F0D7923CED6F8DC4 /* WashLabView.swift in Sources */,
				C4066C9745B5F006C924AE4C /* WeatherProvider.swift in Sources */,
				78EF513543605A8FB978D60C /* WritingStats.swift in Sources */,
			);
			runOnlyForDeploymentPostprocessing = 0;
		};
/* End PBXSourcesBuildPhase section */

/* Begin PBXTargetDependency section */
		F6A472B3C78A7CBDA77798BF /* PBXTargetDependency */ = {
			isa = PBXTargetDependency;
			target = 7D19C224458A8F548A417728 /* FernWidget */;
			targetProxy = 32C32CABC401499DFCE95B24 /* PBXContainerItemProxy */;
		};
		FED3E348510867374A0C5959 /* PBXTargetDependency */ = {
			isa = PBXTargetDependency;
			target = A7E908288E69270DC8559670 /* Fern */;
			targetProxy = 2C9F3C2B5FF6182BB754BED0 /* PBXContainerItemProxy */;
		};
/* End PBXTargetDependency section */

/* Begin XCBuildConfiguration section */
		121687260A706249033BAB8B /* Debug */ = {
			isa = XCBuildConfiguration;
			buildSettings = {
				ASSETCATALOG_COMPILER_APPICON_NAME = AppIcon;
				CODE_SIGN_ENTITLEMENTS = Fern/Fern.entitlements;
				CODE_SIGN_IDENTITY = "iPhone Developer";
				CODE_SIGN_STYLE = Automatic;
				DERIVE_MACCATALYST_PRODUCT_BUNDLE_IDENTIFIER = NO;
				DEVELOPMENT_TEAM = 775QLS4P2V;
				INFOPLIST_FILE = Fern/Info.plist;
				LD_RUNPATH_SEARCH_PATHS = (
					"$(inherited)",
					"@executable_path/Frameworks",
				);
				MACOSX_DEPLOYMENT_TARGET = 14.0;
				PRODUCT_BUNDLE_IDENTIFIER = garden.fern.Fern;
				SDKROOT = iphoneos;
				SUPPORTS_MACCATALYST = YES;
				SUPPORTS_MAC_DESIGNED_FOR_IPHONE_IPAD = NO;
				TARGETED_DEVICE_FAMILY = "1,2";
			};
			name = Debug;
		};
		23FE0C343102F0CC33DE6686 /* Debug */ = {
			isa = XCBuildConfiguration;
			buildSettings = {
				CODE_SIGN_STYLE = Automatic;
				DEVELOPMENT_TEAM = 775QLS4P2V;
				GENERATE_INFOPLIST_FILE = NO;
				INFOPLIST_FILE = FernWidget/Info.plist;
				LD_RUNPATH_SEARCH_PATHS = (
					"$(inherited)",
					"@executable_path/Frameworks",
					"@executable_path/../../Frameworks",
				);
				MACOSX_DEPLOYMENT_TARGET = 14.0;
				PRODUCT_BUNDLE_IDENTIFIER = garden.fern.Fern.FernWidget;
				SDKROOT = iphoneos;
				SUPPORTS_MACCATALYST = YES;
				SUPPORTS_MAC_DESIGNED_FOR_IPHONE_IPAD = NO;
				TARGETED_DEVICE_FAMILY = "1,2";
			};
			name = Debug;
		};
		2E0BC04F9EDA8AA89B162CC3 /* Debug */ = {
			isa = XCBuildConfiguration;
			buildSettings = {
				BUNDLE_LOADER = "$(TEST_HOST)";
				LD_RUNPATH_SEARCH_PATHS = (
					"$(inherited)",
					"@executable_path/Frameworks",
					"@loader_path/Frameworks",
				);
				PRODUCT_BUNDLE_IDENTIFIER = garden.fern.FernTests;
				SDKROOT = iphoneos;
				TARGETED_DEVICE_FAMILY = "1,2";
				TEST_HOST = "$(BUILT_PRODUCTS_DIR)/Fern.app/Fern";
			};
			name = Debug;
		};
		49279C1D1CCF3A82E9BD6CE9 /* Debug */ = {
			isa = XCBuildConfiguration;
			buildSettings = {
				ASSETCATALOG_COMPILER_ALTERNATE_APPICON_NAMES = "AppIcon-Sage AppIcon-Indigo AppIcon-Plum AppIcon-Ochre";
				ASSETCATALOG_COMPILER_APPICON_NAME = AppIcon;
				ASSETCATALOG_COMPILER_INCLUDE_ALL_APPICON_ASSETS = YES;
				CODE_SIGN_IDENTITY = "iPhone Developer";
				CODE_SIGN_STYLE = Automatic;
				DERIVE_MACCATALYST_PRODUCT_BUNDLE_IDENTIFIER = NO;
				DEVELOPMENT_TEAM = 775QLS4P2V;
				LD_RUNPATH_SEARCH_PATHS = (
					"$(inherited)",
					"@executable_path/Frameworks",
				);
				MACOSX_DEPLOYMENT_TARGET = 14.0;
				PRODUCT_BUNDLE_IDENTIFIER = garden.fern.Redwood;
				SDKROOT = iphoneos;
				SUPPORTS_MACCATALYST = YES;
				SUPPORTS_MAC_DESIGNED_FOR_IPHONE_IPAD = NO;
				TARGETED_DEVICE_FAMILY = "1,2";
			};
			name = Debug;
		};
		6789A638DE20FE0F5C343C3B /* Release */ = {
			isa = XCBuildConfiguration;
			buildSettings = {
				ASSETCATALOG_COMPILER_APPICON_NAME = AppIcon;
				CODE_SIGN_ENTITLEMENTS = Fern/Fern.entitlements;
				CODE_SIGN_IDENTITY = "iPhone Developer";
				CODE_SIGN_STYLE = Automatic;
				DERIVE_MACCATALYST_PRODUCT_BUNDLE_IDENTIFIER = NO;
				DEVELOPMENT_TEAM = 775QLS4P2V;
				INFOPLIST_FILE = Fern/Info.plist;
				LD_RUNPATH_SEARCH_PATHS = (
					"$(inherited)",
					"@executable_path/Frameworks",
				);
				MACOSX_DEPLOYMENT_TARGET = 14.0;
				PRODUCT_BUNDLE_IDENTIFIER = garden.fern.Fern;
				SDKROOT = iphoneos;
				SUPPORTS_MACCATALYST = YES;
				SUPPORTS_MAC_DESIGNED_FOR_IPHONE_IPAD = NO;
				TARGETED_DEVICE_FAMILY = "1,2";
			};
			name = Release;
		};
		880B8ABB1B768EB972DC54D6 /* Debug */ = {
			isa = XCBuildConfiguration;
			buildSettings = {
				ALWAYS_SEARCH_USER_PATHS = NO;
				CLANG_ANALYZER_NONNULL = YES;
				CLANG_ANALYZER_NUMBER_OBJECT_CONVERSION = YES_AGGRESSIVE;
				CLANG_CXX_LANGUAGE_STANDARD = "gnu++14";
				CLANG_CXX_LIBRARY = "libc++";
				CLANG_ENABLE_MODULES = YES;
				CLANG_ENABLE_OBJC_ARC = YES;
				CLANG_ENABLE_OBJC_WEAK = YES;
				CLANG_WARN_BLOCK_CAPTURE_AUTORELEASING = YES;
				CLANG_WARN_BOOL_CONVERSION = YES;
				CLANG_WARN_COMMA = YES;
				CLANG_WARN_CONSTANT_CONVERSION = YES;
				CLANG_WARN_DEPRECATED_OBJC_IMPLEMENTATIONS = YES;
				CLANG_WARN_DIRECT_OBJC_ISA_USAGE = YES_ERROR;
				CLANG_WARN_DOCUMENTATION_COMMENTS = YES;
				CLANG_WARN_EMPTY_BODY = YES;
				CLANG_WARN_ENUM_CONVERSION = YES;
				CLANG_WARN_INFINITE_RECURSION = YES;
				CLANG_WARN_INT_CONVERSION = YES;
				CLANG_WARN_NON_LITERAL_NULL_CONVERSION = YES;
				CLANG_WARN_OBJC_IMPLICIT_RETAIN_SELF = YES;
				CLANG_WARN_OBJC_LITERAL_CONVERSION = YES;
				CLANG_WARN_OBJC_ROOT_CLASS = YES_ERROR;
				CLANG_WARN_QUOTED_INCLUDE_IN_FRAMEWORK_HEADER = YES;
				CLANG_WARN_RANGE_LOOP_ANALYSIS = YES;
				CLANG_WARN_STRICT_PROTOTYPES = YES;
				CLANG_WARN_SUSPICIOUS_MOVE = YES;
				CLANG_WARN_UNGUARDED_AVAILABILITY = YES_AGGRESSIVE;
				CLANG_WARN_UNREACHABLE_CODE = YES;
				CLANG_WARN__DUPLICATE_METHOD_MATCH = YES;
				COPY_PHASE_STRIP = NO;
				CURRENT_PROJECT_VERSION = 1;
				DEBUG_INFORMATION_FORMAT = dwarf;
				ENABLE_STRICT_OBJC_MSGSEND = YES;
				ENABLE_TESTABILITY = YES;
				GCC_C_LANGUAGE_STANDARD = gnu11;
				GCC_DYNAMIC_NO_PIC = NO;
				GCC_NO_COMMON_BLOCKS = YES;
				GCC_OPTIMIZATION_LEVEL = 0;
				GCC_PREPROCESSOR_DEFINITIONS = (
					"$(inherited)",
					"DEBUG=1",
				);
				GCC_WARN_64_TO_32_BIT_CONVERSION = YES;
				GCC_WARN_ABOUT_RETURN_TYPE = YES_ERROR;
				GCC_WARN_UNDECLARED_SELECTOR = YES;
				GCC_WARN_UNINITIALIZED_AUTOS = YES_AGGRESSIVE;
				GCC_WARN_UNUSED_FUNCTION = YES;
				GCC_WARN_UNUSED_VARIABLE = YES;
				GENERATE_INFOPLIST_FILE = YES;
				INFOPLIST_KEY_LSSupportsOpeningDocumentsInPlace = YES;
				INFOPLIST_KEY_NSFaceIDUsageDescription = "Fern uses Face ID to keep your private writing for your eyes only.";
				INFOPLIST_KEY_NSLocationWhenInUseUsageDescription = "Fern can note where an entry was written, if you choose to add a place.";
				INFOPLIST_KEY_NSPhotoLibraryAddUsageDescription = "Fern can save images to your photo library.";
				INFOPLIST_KEY_NSPhotoLibraryUsageDescription = "Fern adds the photos you choose to your entries.";
				INFOPLIST_KEY_UIFileSharingEnabled = YES;
				INFOPLIST_KEY_UILaunchScreen_Generation = YES;
				INFOPLIST_KEY_UISupportedInterfaceOrientations = "UIInterfaceOrientationPortrait UIInterfaceOrientationLandscapeLeft UIInterfaceOrientationLandscapeRight";
				INFOPLIST_KEY_UISupportedInterfaceOrientations_iPad = "UIInterfaceOrientationPortrait UIInterfaceOrientationPortraitUpsideDown UIInterfaceOrientationLandscapeLeft UIInterfaceOrientationLandscapeRight";
				IPHONEOS_DEPLOYMENT_TARGET = 18.0;
				MARKETING_VERSION = 1.0;
				MTL_ENABLE_DEBUG_INFO = INCLUDE_SOURCE;
				MTL_FAST_MATH = YES;
				ONLY_ACTIVE_ARCH = YES;
				PRODUCT_NAME = "$(TARGET_NAME)";
				SDKROOT = iphoneos;
				SWIFT_ACTIVE_COMPILATION_CONDITIONS = DEBUG;
				SWIFT_OPTIMIZATION_LEVEL = "-Onone";
				SWIFT_VERSION = 5.0;
			};
			name = Debug;
		};
		9FF8CDA6DEBE43781AE9BB60 /* Release */ = {
			isa = XCBuildConfiguration;
			buildSettings = {
				ALWAYS_SEARCH_USER_PATHS = NO;
				CLANG_ANALYZER_NONNULL = YES;
				CLANG_ANALYZER_NUMBER_OBJECT_CONVERSION = YES_AGGRESSIVE;
				CLANG_CXX_LANGUAGE_STANDARD = "gnu++14";
				CLANG_CXX_LIBRARY = "libc++";
				CLANG_ENABLE_MODULES = YES;
				CLANG_ENABLE_OBJC_ARC = YES;
				CLANG_ENABLE_OBJC_WEAK = YES;
				CLANG_WARN_BLOCK_CAPTURE_AUTORELEASING = YES;
				CLANG_WARN_BOOL_CONVERSION = YES;
				CLANG_WARN_COMMA = YES;
				CLANG_WARN_CONSTANT_CONVERSION = YES;
				CLANG_WARN_DEPRECATED_OBJC_IMPLEMENTATIONS = YES;
				CLANG_WARN_DIRECT_OBJC_ISA_USAGE = YES_ERROR;
				CLANG_WARN_DOCUMENTATION_COMMENTS = YES;
				CLANG_WARN_EMPTY_BODY = YES;
				CLANG_WARN_ENUM_CONVERSION = YES;
				CLANG_WARN_INFINITE_RECURSION = YES;
				CLANG_WARN_INT_CONVERSION = YES;
				CLANG_WARN_NON_LITERAL_NULL_CONVERSION = YES;
				CLANG_WARN_OBJC_IMPLICIT_RETAIN_SELF = YES;
				CLANG_WARN_OBJC_LITERAL_CONVERSION = YES;
				CLANG_WARN_OBJC_ROOT_CLASS = YES_ERROR;
				CLANG_WARN_QUOTED_INCLUDE_IN_FRAMEWORK_HEADER = YES;
				CLANG_WARN_RANGE_LOOP_ANALYSIS = YES;
				CLANG_WARN_STRICT_PROTOTYPES = YES;
				CLANG_WARN_SUSPICIOUS_MOVE = YES;
				CLANG_WARN_UNGUARDED_AVAILABILITY = YES_AGGRESSIVE;
				CLANG_WARN_UNREACHABLE_CODE = YES;
				CLANG_WARN__DUPLICATE_METHOD_MATCH = YES;
				COPY_PHASE_STRIP = NO;
				CURRENT_PROJECT_VERSION = 1;
				DEBUG_INFORMATION_FORMAT = "dwarf-with-dsym";
				ENABLE_NS_ASSERTIONS = NO;
				ENABLE_STRICT_OBJC_MSGSEND = YES;
				GCC_C_LANGUAGE_STANDARD = gnu11;
				GCC_NO_COMMON_BLOCKS = YES;
				GCC_WARN_64_TO_32_BIT_CONVERSION = YES;
				GCC_WARN_ABOUT_RETURN_TYPE = YES_ERROR;
				GCC_WARN_UNDECLARED_SELECTOR = YES;
				GCC_WARN_UNINITIALIZED_AUTOS = YES_AGGRESSIVE;
				GCC_WARN_UNUSED_FUNCTION = YES;
				GCC_WARN_UNUSED_VARIABLE = YES;
				GENERATE_INFOPLIST_FILE = YES;
				INFOPLIST_KEY_LSSupportsOpeningDocumentsInPlace = YES;
				INFOPLIST_KEY_NSFaceIDUsageDescription = "Fern uses Face ID to keep your private writing for your eyes only.";
				INFOPLIST_KEY_NSLocationWhenInUseUsageDescription = "Fern can note where an entry was written, if you choose to add a place.";
				INFOPLIST_KEY_NSPhotoLibraryAddUsageDescription = "Fern can save images to your photo library.";
				INFOPLIST_KEY_NSPhotoLibraryUsageDescription = "Fern adds the photos you choose to your entries.";
				INFOPLIST_KEY_UIFileSharingEnabled = YES;
				INFOPLIST_KEY_UILaunchScreen_Generation = YES;
				INFOPLIST_KEY_UISupportedInterfaceOrientations = "UIInterfaceOrientationPortrait UIInterfaceOrientationLandscapeLeft UIInterfaceOrientationLandscapeRight";
				INFOPLIST_KEY_UISupportedInterfaceOrientations_iPad = "UIInterfaceOrientationPortrait UIInterfaceOrientationPortraitUpsideDown UIInterfaceOrientationLandscapeLeft UIInterfaceOrientationLandscapeRight";
				IPHONEOS_DEPLOYMENT_TARGET = 18.0;
				MARKETING_VERSION = 1.0;
				MTL_ENABLE_DEBUG_INFO = NO;
				MTL_FAST_MATH = YES;
				PRODUCT_NAME = "$(TARGET_NAME)";
				SDKROOT = iphoneos;
				SWIFT_COMPILATION_MODE = wholemodule;
				SWIFT_OPTIMIZATION_LEVEL = "-O";
				SWIFT_VERSION = 5.0;
			};
			name = Release;
		};
		A80DED7989E348812214AC4A /* Release */ = {
			isa = XCBuildConfiguration;
			buildSettings = {
				ASSETCATALOG_COMPILER_ALTERNATE_APPICON_NAMES = "AppIcon-Sage AppIcon-Indigo AppIcon-Plum AppIcon-Ochre";
				ASSETCATALOG_COMPILER_APPICON_NAME = AppIcon;
				ASSETCATALOG_COMPILER_INCLUDE_ALL_APPICON_ASSETS = YES;
				CODE_SIGN_IDENTITY = "iPhone Developer";
				CODE_SIGN_STYLE = Automatic;
				DERIVE_MACCATALYST_PRODUCT_BUNDLE_IDENTIFIER = NO;
				DEVELOPMENT_TEAM = 775QLS4P2V;
				LD_RUNPATH_SEARCH_PATHS = (
					"$(inherited)",
					"@executable_path/Frameworks",
				);
				MACOSX_DEPLOYMENT_TARGET = 14.0;
				PRODUCT_BUNDLE_IDENTIFIER = garden.fern.Redwood;
				SDKROOT = iphoneos;
				SUPPORTS_MACCATALYST = YES;
				SUPPORTS_MAC_DESIGNED_FOR_IPHONE_IPAD = NO;
				TARGETED_DEVICE_FAMILY = "1,2";
			};
			name = Release;
		};
		AAD778B56EC704B1822E3FAF /* Release */ = {
			isa = XCBuildConfiguration;
			buildSettings = {
				BUNDLE_LOADER = "$(TEST_HOST)";
				LD_RUNPATH_SEARCH_PATHS = (
					"$(inherited)",
					"@executable_path/Frameworks",
					"@loader_path/Frameworks",
				);
				PRODUCT_BUNDLE_IDENTIFIER = garden.fern.FernTests;
				SDKROOT = iphoneos;
				TARGETED_DEVICE_FAMILY = "1,2";
				TEST_HOST = "$(BUILT_PRODUCTS_DIR)/Fern.app/Fern";
			};
			name = Release;
		};
		C6810E3E66B90D3C63923AC3 /* Release */ = {
			isa = XCBuildConfiguration;
			buildSettings = {
				CODE_SIGN_STYLE = Automatic;
				DEVELOPMENT_TEAM = 775QLS4P2V;
				GENERATE_INFOPLIST_FILE = NO;
				INFOPLIST_FILE = FernWidget/Info.plist;
				LD_RUNPATH_SEARCH_PATHS = (
					"$(inherited)",
					"@executable_path/Frameworks",
					"@executable_path/../../Frameworks",
				);
				MACOSX_DEPLOYMENT_TARGET = 14.0;
				PRODUCT_BUNDLE_IDENTIFIER = garden.fern.Fern.FernWidget;
				SDKROOT = iphoneos;
				SUPPORTS_MACCATALYST = YES;
				SUPPORTS_MAC_DESIGNED_FOR_IPHONE_IPAD = NO;
				TARGETED_DEVICE_FAMILY = "1,2";
			};
			name = Release;
		};
/* End XCBuildConfiguration section */

/* Begin XCConfigurationList section */
		3856BD5B1DF43301A7BE631F /* Build configuration list for PBXNativeTarget "Redwood" */ = {
			isa = XCConfigurationList;
			buildConfigurations = (
				49279C1D1CCF3A82E9BD6CE9 /* Debug */,
				A80DED7989E348812214AC4A /* Release */,
			);
			defaultConfigurationIsVisible = 0;
			defaultConfigurationName = Debug;
		};
		54266CBDF5D736B14FB789CB /* Build configuration list for PBXNativeTarget "Fern" */ = {
			isa = XCConfigurationList;
			buildConfigurations = (
				121687260A706249033BAB8B /* Debug */,
				6789A638DE20FE0F5C343C3B /* Release */,
			);
			defaultConfigurationIsVisible = 0;
			defaultConfigurationName = Debug;
		};
		664CBCB21C650065991FEAAF /* Build configuration list for PBXNativeTarget "FernTests" */ = {
			isa = XCConfigurationList;
			buildConfigurations = (
				2E0BC04F9EDA8AA89B162CC3 /* Debug */,
				AAD778B56EC704B1822E3FAF /* Release */,
			);
			defaultConfigurationIsVisible = 0;
			defaultConfigurationName = Debug;
		};
		B3D23560C4BBD3A917D39683 /* Build configuration list for PBXProject "Fern" */ = {
			isa = XCConfigurationList;
			buildConfigurations = (
				880B8ABB1B768EB972DC54D6 /* Debug */,
				9FF8CDA6DEBE43781AE9BB60 /* Release */,
			);
			defaultConfigurationIsVisible = 0;
			defaultConfigurationName = Debug;
		};
		F71AF9891038C0C00086C7B2 /* Build configuration list for PBXNativeTarget "FernWidget" */ = {
			isa = XCConfigurationList;
			buildConfigurations = (
				23FE0C343102F0CC33DE6686 /* Debug */,
				C6810E3E66B90D3C63923AC3 /* Release */,
			);
			defaultConfigurationIsVisible = 0;
			defaultConfigurationName = Debug;
		};
/* End XCConfigurationList section */

/* Begin XCRemoteSwiftPackageReference section */
		9EE1E04C3247D984DB2CD772 /* XCRemoteSwiftPackageReference "swift-markdown" */ = {
			isa = XCRemoteSwiftPackageReference;
			repositoryURL = "https://github.com/swiftlang/swift-markdown";
			requirement = {
				kind = upToNextMajorVersion;
				minimumVersion = 0.5.0;
			};
		};
/* End XCRemoteSwiftPackageReference section */

/* Begin XCSwiftPackageProductDependency section */
		229223438BC567429C3E5B74 /* Markdown */ = {
			isa = XCSwiftPackageProductDependency;
			package = 9EE1E04C3247D984DB2CD772 /* XCRemoteSwiftPackageReference "swift-markdown" */;
			productName = Markdown;
		};
/* End XCSwiftPackageProductDependency section */
	};
	rootObject = 0CC250F26887AA7D0AF2DFF2 /* Project object */;
}
